// !$*UTF8*$!
{
	archiveVersion = 1;
	classes = {
	};
	objectVersion = 56;
	objects = {

/* Begin PBXBuildFile section */
		8B4A0DFF2C7412B9002722AB /* Persistence.swift in Sources */ = {isa = PBXBuildFile; fileRef = 8BBF76B52C6BDAD5005EC2D2 /* Persistence.swift */; };
		8B4A0E012C751DE7002722AB /* UserDefaultHelpers.swift in Sources */ = {isa = PBXBuildFile; fileRef = 8B4A0E002C751DE7002722AB /* UserDefaultHelpers.swift */; };
		8B4A0E032C753602002722AB /* GroupUserDefaults.swift in Sources */ = {isa = PBXBuildFile; fileRef = 8B4A0E022C753602002722AB /* GroupUserDefaults.swift */; };
		8B4A0E042C7538E1002722AB /* GroupUserDefaults.swift in Sources */ = {isa = PBXBuildFile; fileRef = 8B4A0E022C753602002722AB /* GroupUserDefaults.swift */; };
		8B4A0E052C7538E1002722AB /* GroupUserDefaults.swift in Sources */ = {isa = PBXBuildFile; fileRef = 8B4A0E022C753602002722AB /* GroupUserDefaults.swift */; };
		8B4A0E062C7539F8002722AB /* UserDefaultHelpers.swift in Sources */ = {isa = PBXBuildFile; fileRef = 8B4A0E002C751DE7002722AB /* UserDefaultHelpers.swift */; };
		8B4A0E072C7539F9002722AB /* UserDefaultHelpers.swift in Sources */ = {isa = PBXBuildFile; fileRef = 8B4A0E002C751DE7002722AB /* UserDefaultHelpers.swift */; };
		8B4A0E092C753AE5002722AB /* GroupShieldDefault.swift in Sources */ = {isa = PBXBuildFile; fileRef = 8B4A0E082C753AE5002722AB /* GroupShieldDefault.swift */; };
		8B4A0E0A2C753D7C002722AB /* GroupShieldDefault.swift in Sources */ = {isa = PBXBuildFile; fileRef = 8B4A0E082C753AE5002722AB /* GroupShieldDefault.swift */; };
		8B4A0E0B2C753DBA002722AB /* TokenHelpers.swift in Sources */ = {isa = PBXBuildFile; fileRef = 8BADB4102C73F28900E0DCDC /* TokenHelpers.swift */; };
		8B4A0E0C2C754142002722AB /* Assets.xcassets in Resources */ = {isa = PBXBuildFile; fileRef = 8BBF76B02C6BDAD5005EC2D2 /* Assets.xcassets */; };
		8B4A0E122C754CA2002722AB /* ManagedSettings.framework in Frameworks */ = {isa = PBXBuildFile; fileRef = 8BBF76FC2C6FD340005EC2D2 /* ManagedSettings.framework */; };
		8B4A0E152C754CA2002722AB /* ShieldActionExtension.swift in Sources */ = {isa = PBXBuildFile; fileRef = 8B4A0E142C754CA2002722AB /* ShieldActionExtension.swift */; };
		8B4A0E1A2C754CA2002722AB /* iosShieldAction.appex in Embed Foundation Extensions */ = {isa = PBXBuildFile; fileRef = 8B4A0E112C754CA2002722AB /* iosShieldAction.appex */; settings = {ATTRIBUTES = (RemoveHeadersOnCopy, ); }; };
		8B4A0E1E2C754CC3002722AB /* GroupUserDefaults.swift in Sources */ = {isa = PBXBuildFile; fileRef = 8B4A0E022C753602002722AB /* GroupUserDefaults.swift */; };
		8B4A0E312C766F6B002722AB /* UserDefaultHelpers.swift in Sources */ = {isa = PBXBuildFile; fileRef = 8B4A0E002C751DE7002722AB /* UserDefaultHelpers.swift */; };
		8B4A0E332C766FBD002722AB /* ShieldMemory.swift in Sources */ = {isa = PBXBuildFile; fileRef = 8B4A0E322C766FBD002722AB /* ShieldMemory.swift */; };
		8B4A0E342C766FBD002722AB /* ShieldMemory.swift in Sources */ = {isa = PBXBuildFile; fileRef = 8B4A0E322C766FBD002722AB /* ShieldMemory.swift */; };
		8B4A0E352C766FBD002722AB /* ShieldMemory.swift in Sources */ = {isa = PBXBuildFile; fileRef = 8B4A0E322C766FBD002722AB /* ShieldMemory.swift */; };
		8B4A0E362C767005002722AB /* Helpers.swift in Sources */ = {isa = PBXBuildFile; fileRef = 8BBF76E12C6E7C23005EC2D2 /* Helpers.swift */; };
		8B4A0E3C2C7680FF002722AB /* UserDefaults+JSONCoding.swift in Sources */ = {isa = PBXBuildFile; fileRef = 8B4A0E3B2C7680FE002722AB /* UserDefaults+JSONCoding.swift */; };
		8B4A0E3D2C7680FF002722AB /* UserDefaults+JSONCoding.swift in Sources */ = {isa = PBXBuildFile; fileRef = 8B4A0E3B2C7680FE002722AB /* UserDefaults+JSONCoding.swift */; };
		8B4A0E3E2C7680FF002722AB /* UserDefaults+JSONCoding.swift in Sources */ = {isa = PBXBuildFile; fileRef = 8B4A0E3B2C7680FE002722AB /* UserDefaults+JSONCoding.swift */; };
		8B4A0E3F2C76887A002722AB /* String+Error.swift in Sources */ = {isa = PBXBuildFile; fileRef = 8BBF77312C6FFA31005EC2D2 /* String+Error.swift */; };
		8B4A0E402C7689B7002722AB /* TokenHelpers.swift in Sources */ = {isa = PBXBuildFile; fileRef = 8BADB4102C73F28900E0DCDC /* TokenHelpers.swift */; };
		8B4A0E422C769A8C002722AB /* NotificationHelpers.swift in Sources */ = {isa = PBXBuildFile; fileRef = 8B4A0E412C769A8C002722AB /* NotificationHelpers.swift */; };
		8B4A0E432C769A8C002722AB /* NotificationHelpers.swift in Sources */ = {isa = PBXBuildFile; fileRef = 8B4A0E412C769A8C002722AB /* NotificationHelpers.swift */; };
		8B4A0E442C769A8C002722AB /* NotificationHelpers.swift in Sources */ = {isa = PBXBuildFile; fileRef = 8B4A0E412C769A8C002722AB /* NotificationHelpers.swift */; };
		8B4A0E452C769A8F002722AB /* NotificationHelpers.swift in Sources */ = {isa = PBXBuildFile; fileRef = 8B4A0E412C769A8C002722AB /* NotificationHelpers.swift */; };
		8B4A0E482C76A674002722AB /* ShieldUserDefaultReaderUtilities.swift in Sources */ = {isa = PBXBuildFile; fileRef = 8B4A0E462C76A674002722AB /* ShieldUserDefaultReaderUtilities.swift */; };
		8B4A0E492C76A674002722AB /* ShieldUserDefaultReaderUtilities.swift in Sources */ = {isa = PBXBuildFile; fileRef = 8B4A0E462C76A674002722AB /* ShieldUserDefaultReaderUtilities.swift */; };
		8B4A0E4A2C76A708002722AB /* GroupShieldDefault.swift in Sources */ = {isa = PBXBuildFile; fileRef = 8B4A0E082C753AE5002722AB /* GroupShieldDefault.swift */; };
		8B4A0E4B2C76AD5E002722AB /* BlockSettingsHelpers.swift in Sources */ = {isa = PBXBuildFile; fileRef = 8BBF774F2C702087005EC2D2 /* BlockSettingsHelpers.swift */; };
		8B4A0E4C2C76AE90002722AB /* UserDefaults+JSONCoding.swift in Sources */ = {isa = PBXBuildFile; fileRef = 8B4A0E3B2C7680FE002722AB /* UserDefaults+JSONCoding.swift */; };
		8B4A0E4F2C76B0EF002722AB /* ScheduleDefault.swift in Sources */ = {isa = PBXBuildFile; fileRef = 8B4A0E4E2C76B0EF002722AB /* ScheduleDefault.swift */; };
		8B4A0E502C76B0EF002722AB /* ScheduleDefault.swift in Sources */ = {isa = PBXBuildFile; fileRef = 8B4A0E4E2C76B0EF002722AB /* ScheduleDefault.swift */; };
		8B4A0E522C76B45F002722AB /* ScheduleEndFlagDefault.swift in Sources */ = {isa = PBXBuildFile; fileRef = 8B4A0E512C76B45F002722AB /* ScheduleEndFlagDefault.swift */; };
		8B4A0E532C76B45F002722AB /* ScheduleEndFlagDefault.swift in Sources */ = {isa = PBXBuildFile; fileRef = 8B4A0E512C76B45F002722AB /* ScheduleEndFlagDefault.swift */; };
		8B4A0E5B2C77AF8B002722AB /* iosMainAppUnitTests.swift in Sources */ = {isa = PBXBuildFile; fileRef = 8B4A0E5A2C77AF8B002722AB /* iosMainAppUnitTests.swift */; };
		8B4A0E612C77B040002722AB /* UserDefaultHelpers.swift in Sources */ = {isa = PBXBuildFile; fileRef = 8B4A0E002C751DE7002722AB /* UserDefaultHelpers.swift */; };
		8B4A0E622C77B0A4002722AB /* TokenHelpers.swift in Sources */ = {isa = PBXBuildFile; fileRef = 8BADB4102C73F28900E0DCDC /* TokenHelpers.swift */; };
		8B4A0E632C77B0B4002722AB /* Helpers.swift in Sources */ = {isa = PBXBuildFile; fileRef = 8BBF76E12C6E7C23005EC2D2 /* Helpers.swift */; };
		8BADB4022C73B4B400E0DCDC /* ManagedSettings.framework in Frameworks */ = {isa = PBXBuildFile; fileRef = 8BBF76FC2C6FD340005EC2D2 /* ManagedSettings.framework */; };
		8BADB4032C73B4B400E0DCDC /* ManagedSettingsUI.framework in Frameworks */ = {isa = PBXBuildFile; fileRef = 8BBF76FE2C6FD340005EC2D2 /* ManagedSettingsUI.framework */; };
		8BADB4062C73B4B400E0DCDC /* ShieldConfigurationExtension.swift in Sources */ = {isa = PBXBuildFile; fileRef = 8BADB4052C73B4B400E0DCDC /* ShieldConfigurationExtension.swift */; };
		8BADB40B2C73B4B400E0DCDC /* iosShieldConfiguration.appex in Embed Foundation Extensions */ = {isa = PBXBuildFile; fileRef = 8BADB4012C73B4B400E0DCDC /* iosShieldConfiguration.appex */; settings = {ATTRIBUTES = (RemoveHeadersOnCopy, ); }; };
		8BADB40F2C73C0A600E0DCDC /* Helpers.swift in Sources */ = {isa = PBXBuildFile; fileRef = 8BBF76E12C6E7C23005EC2D2 /* Helpers.swift */; };
		8BADB4112C73F28900E0DCDC /* TokenHelpers.swift in Sources */ = {isa = PBXBuildFile; fileRef = 8BADB4102C73F28900E0DCDC /* TokenHelpers.swift */; };
		8BADB4132C7407A500E0DCDC /* TokenHelpers.swift in Sources */ = {isa = PBXBuildFile; fileRef = 8BADB4102C73F28900E0DCDC /* TokenHelpers.swift */; };
		8BADB4152C7408C000E0DCDC /* AppBlockerOne.xcdatamodeld in Sources */ = {isa = PBXBuildFile; fileRef = 8BBF76B72C6BDAD5005EC2D2 /* AppBlockerOne.xcdatamodeld */; };
		8BADB4162C740EAF00E0DCDC /* String+Error.swift in Sources */ = {isa = PBXBuildFile; fileRef = 8BBF77312C6FFA31005EC2D2 /* String+Error.swift */; };
		8BBF76AD2C6BDAD2005EC2D2 /* AppBlockerOneApp.swift in Sources */ = {isa = PBXBuildFile; fileRef = 8BBF76AC2C6BDAD2005EC2D2 /* AppBlockerOneApp.swift */; };
		8BBF76AF2C6BDAD2005EC2D2 /* ContentView.swift in Sources */ = {isa = PBXBuildFile; fileRef = 8BBF76AE2C6BDAD2005EC2D2 /* ContentView.swift */; };
		8BBF76B12C6BDAD5005EC2D2 /* Assets.xcassets in Resources */ = {isa = PBXBuildFile; fileRef = 8BBF76B02C6BDAD5005EC2D2 /* Assets.xcassets */; };
		8BBF76B42C6BDAD5005EC2D2 /* Preview Assets.xcassets in Resources */ = {isa = PBXBuildFile; fileRef = 8BBF76B32C6BDAD5005EC2D2 /* Preview Assets.xcassets */; };
		8BBF76B62C6BDAD5005EC2D2 /* Persistence.swift in Sources */ = {isa = PBXBuildFile; fileRef = 8BBF76B52C6BDAD5005EC2D2 /* Persistence.swift */; };
		8BBF76B92C6BDAD5005EC2D2 /* AppBlockerOne.xcdatamodeld in Sources */ = {isa = PBXBuildFile; fileRef = 8BBF76B72C6BDAD5005EC2D2 /* AppBlockerOne.xcdatamodeld */; };
		8BBF76C12C6BE725005EC2D2 /* GroupColor.swift in Sources */ = {isa = PBXBuildFile; fileRef = 8BBF76C02C6BE725005EC2D2 /* GroupColor.swift */; };
		8BBF76C42C6BE8A5005EC2D2 /* AppGroupSettingsView.swift in Sources */ = {isa = PBXBuildFile; fileRef = 8BBF76C32C6BE8A5005EC2D2 /* AppGroupSettingsView.swift */; };
		8BBF76CF2C6D1DCF005EC2D2 /* AppSelectionSettingView.swift in Sources */ = {isa = PBXBuildFile; fileRef = 8BBF76CE2C6D1DCF005EC2D2 /* AppSelectionSettingView.swift */; };
		8BBF76D12C6D1FB1005EC2D2 /* ReusableStyles.swift in Sources */ = {isa = PBXBuildFile; fileRef = 8BBF76D02C6D1FB1005EC2D2 /* ReusableStyles.swift */; };
		8BBF76D42C6D5C81005EC2D2 /* AppGroupSettingsModel.swift in Sources */ = {isa = PBXBuildFile; fileRef = 8BBF76D32C6D5C81005EC2D2 /* AppGroupSettingsModel.swift */; };
		8BBF76D62C6D643D005EC2D2 /* OpenMethods.swift in Sources */ = {isa = PBXBuildFile; fileRef = 8BBF76D52C6D643D005EC2D2 /* OpenMethods.swift */; };
		8BBF76D82C6D662A005EC2D2 /* NewAppGroupView.swift in Sources */ = {isa = PBXBuildFile; fileRef = 8BBF76D72C6D662A005EC2D2 /* NewAppGroupView.swift */; };
		8BBF76DB2C6D6A35005EC2D2 /* KeyboardReadable+Notifications.swift in Sources */ = {isa = PBXBuildFile; fileRef = 8BBF76DA2C6D6A35005EC2D2 /* KeyboardReadable+Notifications.swift */; };
		8BBF76DD2C6D6EE8005EC2D2 /* Comparable+Clamp.swift in Sources */ = {isa = PBXBuildFile; fileRef = 8BBF76DC2C6D6EE8005EC2D2 /* Comparable+Clamp.swift */; };
		8BBF76DF2C6E6EFF005EC2D2 /* FamilyActivityTokensView.swift in Sources */ = {isa = PBXBuildFile; fileRef = 8BBF76DE2C6E6EFF005EC2D2 /* FamilyActivityTokensView.swift */; };
		8BBF76E22C6E7C23005EC2D2 /* Helpers.swift in Sources */ = {isa = PBXBuildFile; fileRef = 8BBF76E12C6E7C23005EC2D2 /* Helpers.swift */; };
		8BBF76E62C6E85A9005EC2D2 /* mockFaSelection.json in Resources */ = {isa = PBXBuildFile; fileRef = 8BBF76E52C6E85A9005EC2D2 /* mockFaSelection.json */; };
		8BBF76ED2C6EAD04005EC2D2 /* Poppins-Bold.ttf in Resources */ = {isa = PBXBuildFile; fileRef = 8BBF76EB2C6EACEA005EC2D2 /* Poppins-Bold.ttf */; };
		8BBF76F52C6EB346005EC2D2 /* EditAppGroupView.swift in Sources */ = {isa = PBXBuildFile; fileRef = 8BBF76F42C6EB346005EC2D2 /* EditAppGroupView.swift */; };
		8BBF77322C6FFA31005EC2D2 /* String+Error.swift in Sources */ = {isa = PBXBuildFile; fileRef = 8BBF77312C6FFA31005EC2D2 /* String+Error.swift */; };
		8BBF773B2C6FFEAF005EC2D2 /* DeviceActivity.framework in Frameworks */ = {isa = PBXBuildFile; fileRef = 8BBF77222C6FDF5E005EC2D2 /* DeviceActivity.framework */; };
		8BBF773E2C6FFEAF005EC2D2 /* DeviceActivityMonitorExtension.swift in Sources */ = {isa = PBXBuildFile; fileRef = 8BBF773D2C6FFEAF005EC2D2 /* DeviceActivityMonitorExtension.swift */; };
		8BBF77432C6FFEAF005EC2D2 /* iosDeviceActivityMonitor.appex in Embed Foundation Extensions */ = {isa = PBXBuildFile; fileRef = 8BBF773A2C6FFEAF005EC2D2 /* iosDeviceActivityMonitor.appex */; settings = {ATTRIBUTES = (RemoveHeadersOnCopy, ); }; };
		8BBF77492C700391005EC2D2 /* String+Error.swift in Sources */ = {isa = PBXBuildFile; fileRef = 8BBF77312C6FFA31005EC2D2 /* String+Error.swift */; };
		8BBF774A2C700395005EC2D2 /* Comparable+Clamp.swift in Sources */ = {isa = PBXBuildFile; fileRef = 8BBF76DC2C6D6EE8005EC2D2 /* Comparable+Clamp.swift */; };
		8BBF774B2C700E42005EC2D2 /* Helpers.swift in Sources */ = {isa = PBXBuildFile; fileRef = 8BBF76E12C6E7C23005EC2D2 /* Helpers.swift */; };
		8BBF77502C702087005EC2D2 /* BlockSettingsHelpers.swift in Sources */ = {isa = PBXBuildFile; fileRef = 8BBF774F2C702087005EC2D2 /* BlockSettingsHelpers.swift */; };
		8BBF77512C702087005EC2D2 /* BlockSettingsHelpers.swift in Sources */ = {isa = PBXBuildFile; fileRef = 8BBF774F2C702087005EC2D2 /* BlockSettingsHelpers.swift */; };
		8BE1AA192C77FDDA0065DC1B /* BlockStatsDefault.swift in Sources */ = {isa = PBXBuildFile; fileRef = 8BE1AA182C77FDDA0065DC1B /* BlockStatsDefault.swift */; };
		8BE1AA1A2C77FDDA0065DC1B /* BlockStatsDefault.swift in Sources */ = {isa = PBXBuildFile; fileRef = 8BE1AA182C77FDDA0065DC1B /* BlockStatsDefault.swift */; };
		8BE1AA1B2C77FDDA0065DC1B /* BlockStatsDefault.swift in Sources */ = {isa = PBXBuildFile; fileRef = 8BE1AA182C77FDDA0065DC1B /* BlockStatsDefault.swift */; };
		8BE1AA1C2C77FDDA0065DC1B /* BlockStatsDefault.swift in Sources */ = {isa = PBXBuildFile; fileRef = 8BE1AA182C77FDDA0065DC1B /* BlockStatsDefault.swift */; };
		8BE1AA1E2C78077D0065DC1B /* ScheduleHelpers.swift in Sources */ = {isa = PBXBuildFile; fileRef = 8BE1AA1D2C78077D0065DC1B /* ScheduleHelpers.swift */; };
		8BE1AA1F2C78077D0065DC1B /* ScheduleHelpers.swift in Sources */ = {isa = PBXBuildFile; fileRef = 8BE1AA1D2C78077D0065DC1B /* ScheduleHelpers.swift */; };
		8BE1AA202C78077D0065DC1B /* ScheduleHelpers.swift in Sources */ = {isa = PBXBuildFile; fileRef = 8BE1AA1D2C78077D0065DC1B /* ScheduleHelpers.swift */; };
		8BE1AA212C78077D0065DC1B /* ScheduleHelpers.swift in Sources */ = {isa = PBXBuildFile; fileRef = 8BE1AA1D2C78077D0065DC1B /* ScheduleHelpers.swift */; };
		8BE1AA232C7907AB0065DC1B /* BlockedItemDefault.swift in Sources */ = {isa = PBXBuildFile; fileRef = 8BE1AA222C7907AB0065DC1B /* BlockedItemDefault.swift */; };
		8BE1AA242C7907AB0065DC1B /* BlockedItemDefault.swift in Sources */ = {isa = PBXBuildFile; fileRef = 8BE1AA222C7907AB0065DC1B /* BlockedItemDefault.swift */; };
		8BE1AA252C7907AB0065DC1B /* BlockedItemDefault.swift in Sources */ = {isa = PBXBuildFile; fileRef = 8BE1AA222C7907AB0065DC1B /* BlockedItemDefault.swift */; };
		8BE1AA262C7907AB0065DC1B /* BlockedItemDefault.swift in Sources */ = {isa = PBXBuildFile; fileRef = 8BE1AA222C7907AB0065DC1B /* BlockedItemDefault.swift */; };
		8BE1AA282C793A770065DC1B /* SettingsError.swift in Sources */ = {isa = PBXBuildFile; fileRef = 8BE1AA272C793A770065DC1B /* SettingsError.swift */; };
		8BE1AA2A2C7D43730065DC1B /* HelpView.swift in Sources */ = {isa = PBXBuildFile; fileRef = 8BE1AA292C7D43730065DC1B /* HelpView.swift */; };
		8BE1AA2D2C7E398A0065DC1B /* HomeView.swift in Sources */ = {isa = PBXBuildFile; fileRef = 8BE1AA2C2C7E398A0065DC1B /* HomeView.swift */; };
/* End PBXBuildFile section */

/* Begin PBXContainerItemProxy section */
		8B4A0E182C754CA2002722AB /* PBXContainerItemProxy */ = {
			isa = PBXContainerItemProxy;
			containerPortal = 8BBF76A12C6BDAD2005EC2D2 /* Project object */;
			proxyType = 1;
			remoteGlobalIDString = 8B4A0E102C754CA2002722AB;
			remoteInfo = iosShieldAction;
		};
		8B4A0E5C2C77AF8C002722AB /* PBXContainerItemProxy */ = {
			isa = PBXContainerItemProxy;
			containerPortal = 8BBF76A12C6BDAD2005EC2D2 /* Project object */;
			proxyType = 1;
			remoteGlobalIDString = 8BBF76A82C6BDAD2005EC2D2;
			remoteInfo = AppBlockerOne;
		};
		8BADB4092C73B4B400E0DCDC /* PBXContainerItemProxy */ = {
			isa = PBXContainerItemProxy;
			containerPortal = 8BBF76A12C6BDAD2005EC2D2 /* Project object */;
			proxyType = 1;
			remoteGlobalIDString = 8BADB4002C73B4B400E0DCDC;
			remoteInfo = iosShieldConfiguration;
		};
		8BBF77412C6FFEAF005EC2D2 /* PBXContainerItemProxy */ = {
			isa = PBXContainerItemProxy;
			containerPortal = 8BBF76A12C6BDAD2005EC2D2 /* Project object */;
			proxyType = 1;
			remoteGlobalIDString = 8BBF77392C6FFEAF005EC2D2;
			remoteInfo = iosDeviceActivityMonitor;
		};
/* End PBXContainerItemProxy section */

/* Begin PBXCopyFilesBuildPhase section */
		8BBF770B2C6FD340005EC2D2 /* Embed Foundation Extensions */ = {
			isa = PBXCopyFilesBuildPhase;
			buildActionMask = 2147483647;
			dstPath = "";
			dstSubfolderSpec = 13;
			files = (
				8BADB40B2C73B4B400E0DCDC /* iosShieldConfiguration.appex in Embed Foundation Extensions */,
				8B4A0E1A2C754CA2002722AB /* iosShieldAction.appex in Embed Foundation Extensions */,
				8BBF77432C6FFEAF005EC2D2 /* iosDeviceActivityMonitor.appex in Embed Foundation Extensions */,
			);
			name = "Embed Foundation Extensions";
			runOnlyForDeploymentPostprocessing = 0;
		};
/* End PBXCopyFilesBuildPhase section */

/* Begin PBXFileReference section */
		8B4A0E002C751DE7002722AB /* UserDefaultHelpers.swift */ = {isa = PBXFileReference; lastKnownFileType = sourcecode.swift; path = UserDefaultHelpers.swift; sourceTree = "<group>"; };
		8B4A0E022C753602002722AB /* GroupUserDefaults.swift */ = {isa = PBXFileReference; lastKnownFileType = sourcecode.swift; path = GroupUserDefaults.swift; sourceTree = "<group>"; };
		8B4A0E082C753AE5002722AB /* GroupShieldDefault.swift */ = {isa = PBXFileReference; lastKnownFileType = sourcecode.swift; path = GroupShieldDefault.swift; sourceTree = "<group>"; };
		8B4A0E112C754CA2002722AB /* iosShieldAction.appex */ = {isa = PBXFileReference; explicitFileType = "wrapper.app-extension"; includeInIndex = 0; path = iosShieldAction.appex; sourceTree = BUILT_PRODUCTS_DIR; };
		8B4A0E142C754CA2002722AB /* ShieldActionExtension.swift */ = {isa = PBXFileReference; lastKnownFileType = sourcecode.swift; path = ShieldActionExtension.swift; sourceTree = "<group>"; };
		8B4A0E162C754CA2002722AB /* Info.plist */ = {isa = PBXFileReference; lastKnownFileType = text.plist.xml; path = Info.plist; sourceTree = "<group>"; };
		8B4A0E172C754CA2002722AB /* iosShieldAction.entitlements */ = {isa = PBXFileReference; lastKnownFileType = text.plist.entitlements; path = iosShieldAction.entitlements; sourceTree = "<group>"; };
		8B4A0E322C766FBD002722AB /* ShieldMemory.swift */ = {isa = PBXFileReference; lastKnownFileType = sourcecode.swift; path = ShieldMemory.swift; sourceTree = "<group>"; };
		8B4A0E3B2C7680FE002722AB /* UserDefaults+JSONCoding.swift */ = {isa = PBXFileReference; lastKnownFileType = sourcecode.swift; path = "UserDefaults+JSONCoding.swift"; sourceTree = "<group>"; };
		8B4A0E412C769A8C002722AB /* NotificationHelpers.swift */ = {isa = PBXFileReference; lastKnownFileType = sourcecode.swift; path = NotificationHelpers.swift; sourceTree = "<group>"; };
		8B4A0E462C76A674002722AB /* ShieldUserDefaultReaderUtilities.swift */ = {isa = PBXFileReference; lastKnownFileType = sourcecode.swift; path = ShieldUserDefaultReaderUtilities.swift; sourceTree = "<group>"; };
		8B4A0E4E2C76B0EF002722AB /* ScheduleDefault.swift */ = {isa = PBXFileReference; lastKnownFileType = sourcecode.swift; path = ScheduleDefault.swift; sourceTree = "<group>"; };
		8B4A0E512C76B45F002722AB /* ScheduleEndFlagDefault.swift */ = {isa = PBXFileReference; lastKnownFileType = sourcecode.swift; path = ScheduleEndFlagDefault.swift; sourceTree = "<group>"; };
		8B4A0E582C77AF8B002722AB /* iosMainAppUnitTests.xctest */ = {isa = PBXFileReference; explicitFileType = wrapper.cfbundle; includeInIndex = 0; path = iosMainAppUnitTests.xctest; sourceTree = BUILT_PRODUCTS_DIR; };
		8B4A0E5A2C77AF8B002722AB /* iosMainAppUnitTests.swift */ = {isa = PBXFileReference; lastKnownFileType = sourcecode.swift; path = iosMainAppUnitTests.swift; sourceTree = "<group>"; };
		8BADB4012C73B4B400E0DCDC /* iosShieldConfiguration.appex */ = {isa = PBXFileReference; explicitFileType = "wrapper.app-extension"; includeInIndex = 0; path = iosShieldConfiguration.appex; sourceTree = BUILT_PRODUCTS_DIR; };
		8BADB4052C73B4B400E0DCDC /* ShieldConfigurationExtension.swift */ = {isa = PBXFileReference; lastKnownFileType = sourcecode.swift; path = ShieldConfigurationExtension.swift; sourceTree = "<group>"; };
		8BADB4072C73B4B400E0DCDC /* Info.plist */ = {isa = PBXFileReference; lastKnownFileType = text.plist.xml; path = Info.plist; sourceTree = "<group>"; };
		8BADB4082C73B4B400E0DCDC /* iosShieldConfiguration.entitlements */ = {isa = PBXFileReference; lastKnownFileType = text.plist.entitlements; path = iosShieldConfiguration.entitlements; sourceTree = "<group>"; };
		8BADB4102C73F28900E0DCDC /* TokenHelpers.swift */ = {isa = PBXFileReference; lastKnownFileType = sourcecode.swift; path = TokenHelpers.swift; sourceTree = "<group>"; };
		8BBF76A92C6BDAD2005EC2D2 /* DuckBlock.app */ = {isa = PBXFileReference; explicitFileType = wrapper.application; includeInIndex = 0; path = DuckBlock.app; sourceTree = BUILT_PRODUCTS_DIR; };
		8BBF76AC2C6BDAD2005EC2D2 /* AppBlockerOneApp.swift */ = {isa = PBXFileReference; lastKnownFileType = sourcecode.swift; path = AppBlockerOneApp.swift; sourceTree = "<group>"; };
		8BBF76AE2C6BDAD2005EC2D2 /* ContentView.swift */ = {isa = PBXFileReference; lastKnownFileType = sourcecode.swift; path = ContentView.swift; sourceTree = "<group>"; };
		8BBF76B02C6BDAD5005EC2D2 /* Assets.xcassets */ = {isa = PBXFileReference; lastKnownFileType = folder.assetcatalog; path = Assets.xcassets; sourceTree = "<group>"; };
		8BBF76B32C6BDAD5005EC2D2 /* Preview Assets.xcassets */ = {isa = PBXFileReference; lastKnownFileType = folder.assetcatalog; path = "Preview Assets.xcassets"; sourceTree = "<group>"; };
		8BBF76B52C6BDAD5005EC2D2 /* Persistence.swift */ = {isa = PBXFileReference; lastKnownFileType = sourcecode.swift; path = Persistence.swift; sourceTree = "<group>"; };
		8BBF76B82C6BDAD5005EC2D2 /* AppBlockerOne.xcdatamodel */ = {isa = PBXFileReference; lastKnownFileType = wrapper.xcdatamodel; path = AppBlockerOne.xcdatamodel; sourceTree = "<group>"; };
		8BBF76C02C6BE725005EC2D2 /* GroupColor.swift */ = {isa = PBXFileReference; lastKnownFileType = sourcecode.swift; path = GroupColor.swift; sourceTree = "<group>"; };
		8BBF76C32C6BE8A5005EC2D2 /* AppGroupSettingsView.swift */ = {isa = PBXFileReference; lastKnownFileType = sourcecode.swift; path = AppGroupSettingsView.swift; sourceTree = "<group>"; };
		8BBF76CE2C6D1DCF005EC2D2 /* AppSelectionSettingView.swift */ = {isa = PBXFileReference; lastKnownFileType = sourcecode.swift; path = AppSelectionSettingView.swift; sourceTree = "<group>"; };
		8BBF76D02C6D1FB1005EC2D2 /* ReusableStyles.swift */ = {isa = PBXFileReference; lastKnownFileType = sourcecode.swift; path = ReusableStyles.swift; sourceTree = "<group>"; };
		8BBF76D22C6D29EF005EC2D2 /* AppBlockerOne.entitlements */ = {isa = PBXFileReference; lastKnownFileType = text.plist.entitlements; path = AppBlockerOne.entitlements; sourceTree = "<group>"; };
		8BBF76D32C6D5C81005EC2D2 /* AppGroupSettingsModel.swift */ = {isa = PBXFileReference; lastKnownFileType = sourcecode.swift; path = AppGroupSettingsModel.swift; sourceTree = "<group>"; };
		8BBF76D52C6D643D005EC2D2 /* OpenMethods.swift */ = {isa = PBXFileReference; lastKnownFileType = sourcecode.swift; path = OpenMethods.swift; sourceTree = "<group>"; };
		8BBF76D72C6D662A005EC2D2 /* NewAppGroupView.swift */ = {isa = PBXFileReference; lastKnownFileType = sourcecode.swift; path = NewAppGroupView.swift; sourceTree = "<group>"; };
		8BBF76DA2C6D6A35005EC2D2 /* KeyboardReadable+Notifications.swift */ = {isa = PBXFileReference; lastKnownFileType = sourcecode.swift; path = "KeyboardReadable+Notifications.swift"; sourceTree = "<group>"; };
		8BBF76DC2C6D6EE8005EC2D2 /* Comparable+Clamp.swift */ = {isa = PBXFileReference; lastKnownFileType = sourcecode.swift; path = "Comparable+Clamp.swift"; sourceTree = "<group>"; };
		8BBF76DE2C6E6EFF005EC2D2 /* FamilyActivityTokensView.swift */ = {isa = PBXFileReference; lastKnownFileType = sourcecode.swift; path = FamilyActivityTokensView.swift; sourceTree = "<group>"; };
		8BBF76E12C6E7C23005EC2D2 /* Helpers.swift */ = {isa = PBXFileReference; lastKnownFileType = sourcecode.swift; path = Helpers.swift; sourceTree = "<group>"; };
		8BBF76E52C6E85A9005EC2D2 /* mockFaSelection.json */ = {isa = PBXFileReference; lastKnownFileType = text.json; path = mockFaSelection.json; sourceTree = "<group>"; };
		8BBF76EB2C6EACEA005EC2D2 /* Poppins-Bold.ttf */ = {isa = PBXFileReference; lastKnownFileType = file; path = "Poppins-Bold.ttf"; sourceTree = "<group>"; };
		8BBF76F02C6EADA1005EC2D2 /* Info.plist */ = {isa = PBXFileReference; lastKnownFileType = text.plist; path = Info.plist; sourceTree = "<group>"; };
		8BBF76F42C6EB346005EC2D2 /* EditAppGroupView.swift */ = {isa = PBXFileReference; lastKnownFileType = sourcecode.swift; path = EditAppGroupView.swift; sourceTree = "<group>"; };
		8BBF76FC2C6FD340005EC2D2 /* ManagedSettings.framework */ = {isa = PBXFileReference; lastKnownFileType = wrapper.framework; name = ManagedSettings.framework; path = System/Library/Frameworks/ManagedSettings.framework; sourceTree = SDKROOT; };
		8BBF76FE2C6FD340005EC2D2 /* ManagedSettingsUI.framework */ = {isa = PBXFileReference; lastKnownFileType = wrapper.framework; name = ManagedSettingsUI.framework; path = System/Library/Frameworks/ManagedSettingsUI.framework; sourceTree = SDKROOT; };
		8BBF77222C6FDF5E005EC2D2 /* DeviceActivity.framework */ = {isa = PBXFileReference; lastKnownFileType = wrapper.framework; name = DeviceActivity.framework; path = System/Library/Frameworks/DeviceActivity.framework; sourceTree = SDKROOT; };
		8BBF77312C6FFA31005EC2D2 /* String+Error.swift */ = {isa = PBXFileReference; lastKnownFileType = sourcecode.swift; path = "String+Error.swift"; sourceTree = "<group>"; };
		8BBF773A2C6FFEAF005EC2D2 /* iosDeviceActivityMonitor.appex */ = {isa = PBXFileReference; explicitFileType = "wrapper.app-extension"; includeInIndex = 0; path = iosDeviceActivityMonitor.appex; sourceTree = BUILT_PRODUCTS_DIR; };
		8BBF773D2C6FFEAF005EC2D2 /* DeviceActivityMonitorExtension.swift */ = {isa = PBXFileReference; lastKnownFileType = sourcecode.swift; path = DeviceActivityMonitorExtension.swift; sourceTree = "<group>"; };
		8BBF773F2C6FFEAF005EC2D2 /* Info.plist */ = {isa = PBXFileReference; lastKnownFileType = text.plist.xml; path = Info.plist; sourceTree = "<group>"; };
		8BBF77402C6FFEAF005EC2D2 /* iosDeviceActivityMonitor.entitlements */ = {isa = PBXFileReference; lastKnownFileType = text.plist.entitlements; path = iosDeviceActivityMonitor.entitlements; sourceTree = "<group>"; };
		8BBF774F2C702087005EC2D2 /* BlockSettingsHelpers.swift */ = {isa = PBXFileReference; lastKnownFileType = sourcecode.swift; path = BlockSettingsHelpers.swift; sourceTree = "<group>"; };
		8BE1AA182C77FDDA0065DC1B /* BlockStatsDefault.swift */ = {isa = PBXFileReference; lastKnownFileType = sourcecode.swift; path = BlockStatsDefault.swift; sourceTree = "<group>"; };
		8BE1AA1D2C78077D0065DC1B /* ScheduleHelpers.swift */ = {isa = PBXFileReference; lastKnownFileType = sourcecode.swift; path = ScheduleHelpers.swift; sourceTree = "<group>"; };
		8BE1AA222C7907AB0065DC1B /* BlockedItemDefault.swift */ = {isa = PBXFileReference; lastKnownFileType = sourcecode.swift; path = BlockedItemDefault.swift; sourceTree = "<group>"; };
		8BE1AA272C793A770065DC1B /* SettingsError.swift */ = {isa = PBXFileReference; lastKnownFileType = sourcecode.swift; path = SettingsError.swift; sourceTree = "<group>"; };
		8BE1AA292C7D43730065DC1B /* HelpView.swift */ = {isa = PBXFileReference; lastKnownFileType = sourcecode.swift; path = HelpView.swift; sourceTree = "<group>"; };
		8BE1AA2C2C7E398A0065DC1B /* HomeView.swift */ = {isa = PBXFileReference; lastKnownFileType = sourcecode.swift; path = HomeView.swift; sourceTree = "<group>"; };
/* End PBXFileReference section */

/* Begin PBXFrameworksBuildPhase section */
		8B4A0E0E2C754CA2002722AB /* Frameworks */ = {
			isa = PBXFrameworksBuildPhase;
			buildActionMask = 2147483647;
			files = (
				8B4A0E122C754CA2002722AB /* ManagedSettings.framework in Frameworks */,
			);
			runOnlyForDeploymentPostprocessing = 0;
		};
		8B4A0E552C77AF8B002722AB /* Frameworks */ = {
			isa = PBXFrameworksBuildPhase;
			buildActionMask = 2147483647;
			files = (
			);
			runOnlyForDeploymentPostprocessing = 0;
		};
		8BADB3FE2C73B4B400E0DCDC /* Frameworks */ = {
			isa = PBXFrameworksBuildPhase;
			buildActionMask = 2147483647;
			files = (
				8BADB4022C73B4B400E0DCDC /* ManagedSettings.framework in Frameworks */,
				8BADB4032C73B4B400E0DCDC /* ManagedSettingsUI.framework in Frameworks */,
			);
			runOnlyForDeploymentPostprocessing = 0;
		};
		8BBF76A62C6BDAD2005EC2D2 /* Frameworks */ = {
			isa = PBXFrameworksBuildPhase;
			buildActionMask = 2147483647;
			files = (
			);
			runOnlyForDeploymentPostprocessing = 0;
		};
		8BBF77372C6FFEAF005EC2D2 /* Frameworks */ = {
			isa = PBXFrameworksBuildPhase;
			buildActionMask = 2147483647;
			files = (
				8BBF773B2C6FFEAF005EC2D2 /* DeviceActivity.framework in Frameworks */,
			);
			runOnlyForDeploymentPostprocessing = 0;
		};
/* End PBXFrameworksBuildPhase section */

/* Begin PBXGroup section */
		8B4A0E132C754CA2002722AB /* iosShieldAction */ = {
			isa = PBXGroup;
			children = (
				8B4A0E142C754CA2002722AB /* ShieldActionExtension.swift */,
				8B4A0E162C754CA2002722AB /* Info.plist */,
				8B4A0E172C754CA2002722AB /* iosShieldAction.entitlements */,
			);
			path = iosShieldAction;
			sourceTree = "<group>";
		};
		8B4A0E4D2C76B0BD002722AB /* UserDefaultModels */ = {
			isa = PBXGroup;
			children = (
				8B4A0E022C753602002722AB /* GroupUserDefaults.swift */,
				8B4A0E082C753AE5002722AB /* GroupShieldDefault.swift */,
				8B4A0E322C766FBD002722AB /* ShieldMemory.swift */,
				8B4A0E4E2C76B0EF002722AB /* ScheduleDefault.swift */,
				8B4A0E512C76B45F002722AB /* ScheduleEndFlagDefault.swift */,
				8BE1AA182C77FDDA0065DC1B /* BlockStatsDefault.swift */,
				8BE1AA222C7907AB0065DC1B /* BlockedItemDefault.swift */,
			);
			path = UserDefaultModels;
			sourceTree = "<group>";
		};
		8B4A0E592C77AF8B002722AB /* iosMainAppUnitTests */ = {
			isa = PBXGroup;
			children = (
				8B4A0E5A2C77AF8B002722AB /* iosMainAppUnitTests.swift */,
			);
			path = iosMainAppUnitTests;
			sourceTree = "<group>";
		};
		8BADB4042C73B4B400E0DCDC /* iosShieldConfiguration */ = {
			isa = PBXGroup;
			children = (
				8BADB4052C73B4B400E0DCDC /* ShieldConfigurationExtension.swift */,
				8BADB4072C73B4B400E0DCDC /* Info.plist */,
				8BADB4082C73B4B400E0DCDC /* iosShieldConfiguration.entitlements */,
			);
			path = iosShieldConfiguration;
			sourceTree = "<group>";
		};
		8BBF76A02C6BDAD2005EC2D2 = {
			isa = PBXGroup;
			children = (
				8BBF76AB2C6BDAD2005EC2D2 /* AppBlockerOne */,
				8BBF773C2C6FFEAF005EC2D2 /* iosDeviceActivityMonitor */,
				8BADB4042C73B4B400E0DCDC /* iosShieldConfiguration */,
				8B4A0E132C754CA2002722AB /* iosShieldAction */,
				8B4A0E592C77AF8B002722AB /* iosMainAppUnitTests */,
				8BBF76FB2C6FD340005EC2D2 /* Frameworks */,
				8BBF76AA2C6BDAD2005EC2D2 /* Products */,
			);
			sourceTree = "<group>";
		};
		8BBF76AA2C6BDAD2005EC2D2 /* Products */ = {
			isa = PBXGroup;
			children = (
				8BBF76A92C6BDAD2005EC2D2 /* DuckBlock.app */,
				8BBF773A2C6FFEAF005EC2D2 /* iosDeviceActivityMonitor.appex */,
				8BADB4012C73B4B400E0DCDC /* iosShieldConfiguration.appex */,
				8B4A0E112C754CA2002722AB /* iosShieldAction.appex */,
				8B4A0E582C77AF8B002722AB /* iosMainAppUnitTests.xctest */,
			);
			name = Products;
			sourceTree = "<group>";
		};
		8BBF76AB2C6BDAD2005EC2D2 /* AppBlockerOne */ = {
			isa = PBXGroup;
			children = (
				8BBF76F02C6EADA1005EC2D2 /* Info.plist */,
				8BBF76E72C6EACD9005EC2D2 /* Fonts */,
				8BBF76AC2C6BDAD2005EC2D2 /* AppBlockerOneApp.swift */,
				8BBF76E02C6E7C0F005EC2D2 /* Utilities */,
				8BBF76D92C6D6A23005EC2D2 /* Extensions */,
				8BBF76D22C6D29EF005EC2D2 /* AppBlockerOne.entitlements */,
				8BBF76C72C6C158E005EC2D2 /* Styles */,
				8BBF76BF2C6BE702005EC2D2 /* Models */,
				8BBF76C22C6BE880005EC2D2 /* Views */,
				8BBF76B02C6BDAD5005EC2D2 /* Assets.xcassets */,
				8BBF76B22C6BDAD5005EC2D2 /* Preview Content */,
			);
			path = AppBlockerOne;
			sourceTree = "<group>";
		};
		8BBF76B22C6BDAD5005EC2D2 /* Preview Content */ = {
			isa = PBXGroup;
			children = (
				8BBF76B32C6BDAD5005EC2D2 /* Preview Assets.xcassets */,
				8BBF76E52C6E85A9005EC2D2 /* mockFaSelection.json */,
			);
			path = "Preview Content";
			sourceTree = "<group>";
		};
		8BBF76BF2C6BE702005EC2D2 /* Models */ = {
			isa = PBXGroup;
			children = (
				8BBF76B52C6BDAD5005EC2D2 /* Persistence.swift */,
				8BBF76B72C6BDAD5005EC2D2 /* AppBlockerOne.xcdatamodeld */,
				8BBF76C02C6BE725005EC2D2 /* GroupColor.swift */,
				8BBF76D32C6D5C81005EC2D2 /* AppGroupSettingsModel.swift */,
				8BE1AA272C793A770065DC1B /* SettingsError.swift */,
				8BBF76D52C6D643D005EC2D2 /* OpenMethods.swift */,
				8B4A0E4D2C76B0BD002722AB /* UserDefaultModels */,
			);
			path = Models;
			sourceTree = "<group>";
		};
		8BBF76C22C6BE880005EC2D2 /* Views */ = {
			isa = PBXGroup;
			children = (
				8BBF76AE2C6BDAD2005EC2D2 /* ContentView.swift */,
				8BBF76DE2C6E6EFF005EC2D2 /* FamilyActivityTokensView.swift */,
				8BE1AA292C7D43730065DC1B /* HelpView.swift */,
				8BE1AA2C2C7E398A0065DC1B /* HomeView.swift */,
				8BE1AA2B2C7E396C0065DC1B /* Welcome */,
				8BBF76F32C6EB2DD005EC2D2 /* AppGroupSettings */,
			);
			path = Views;
			sourceTree = "<group>";
		};
		8BBF76C72C6C158E005EC2D2 /* Styles */ = {
			isa = PBXGroup;
			children = (
				8BBF76D02C6D1FB1005EC2D2 /* ReusableStyles.swift */,
			);
			path = Styles;
			sourceTree = "<group>";
		};
		8BBF76D92C6D6A23005EC2D2 /* Extensions */ = {
			isa = PBXGroup;
			children = (
				8BBF76DA2C6D6A35005EC2D2 /* KeyboardReadable+Notifications.swift */,
				8BBF76DC2C6D6EE8005EC2D2 /* Comparable+Clamp.swift */,
				8BBF77312C6FFA31005EC2D2 /* String+Error.swift */,
				8B4A0E3B2C7680FE002722AB /* UserDefaults+JSONCoding.swift */,
			);
			path = Extensions;
			sourceTree = "<group>";
		};
		8BBF76E02C6E7C0F005EC2D2 /* Utilities */ = {
			isa = PBXGroup;
			children = (
				8BBF76E12C6E7C23005EC2D2 /* Helpers.swift */,
				8BBF774F2C702087005EC2D2 /* BlockSettingsHelpers.swift */,
				8BADB4102C73F28900E0DCDC /* TokenHelpers.swift */,
				8BE1AA1D2C78077D0065DC1B /* ScheduleHelpers.swift */,
				8B4A0E002C751DE7002722AB /* UserDefaultHelpers.swift */,
				8B4A0E412C769A8C002722AB /* NotificationHelpers.swift */,
				8B4A0E462C76A674002722AB /* ShieldUserDefaultReaderUtilities.swift */,
			);
			path = Utilities;
			sourceTree = "<group>";
		};
		8BBF76E72C6EACD9005EC2D2 /* Fonts */ = {
			isa = PBXGroup;
			children = (
				8BBF76EB2C6EACEA005EC2D2 /* Poppins-Bold.ttf */,
			);
			path = Fonts;
			sourceTree = "<group>";
		};
		8BBF76F32C6EB2DD005EC2D2 /* AppGroupSettings */ = {
			isa = PBXGroup;
			children = (
				8BBF76C32C6BE8A5005EC2D2 /* AppGroupSettingsView.swift */,
				8BBF76D72C6D662A005EC2D2 /* NewAppGroupView.swift */,
				8BBF76F42C6EB346005EC2D2 /* EditAppGroupView.swift */,
				8BBF76CE2C6D1DCF005EC2D2 /* AppSelectionSettingView.swift */,
			);
			path = AppGroupSettings;
			sourceTree = "<group>";
		};
		8BBF76FB2C6FD340005EC2D2 /* Frameworks */ = {
			isa = PBXGroup;
			children = (
				8BBF76FC2C6FD340005EC2D2 /* ManagedSettings.framework */,
				8BBF76FE2C6FD340005EC2D2 /* ManagedSettingsUI.framework */,
				8BBF77222C6FDF5E005EC2D2 /* DeviceActivity.framework */,
			);
			name = Frameworks;
			sourceTree = "<group>";
		};
		8BBF773C2C6FFEAF005EC2D2 /* iosDeviceActivityMonitor */ = {
			isa = PBXGroup;
			children = (
				8BBF773D2C6FFEAF005EC2D2 /* DeviceActivityMonitorExtension.swift */,
				8BBF773F2C6FFEAF005EC2D2 /* Info.plist */,
				8BBF77402C6FFEAF005EC2D2 /* iosDeviceActivityMonitor.entitlements */,
			);
			path = iosDeviceActivityMonitor;
			sourceTree = "<group>";
		};
		8BE1AA2B2C7E396C0065DC1B /* Welcome */ = {
			isa = PBXGroup;
			children = (
			);
			path = Welcome;
			sourceTree = "<group>";
		};
/* End PBXGroup section */

/* Begin PBXNativeTarget section */
		8B4A0E102C754CA2002722AB /* iosShieldAction */ = {
			isa = PBXNativeTarget;
			buildConfigurationList = 8B4A0E1B2C754CA2002722AB /* Build configuration list for PBXNativeTarget "iosShieldAction" */;
			buildPhases = (
				8B4A0E0D2C754CA2002722AB /* Sources */,
				8B4A0E0E2C754CA2002722AB /* Frameworks */,
				8B4A0E0F2C754CA2002722AB /* Resources */,
			);
			buildRules = (
			);
			dependencies = (
			);
			name = iosShieldAction;
			packageProductDependencies = (
			);
			productName = iosShieldAction;
			productReference = 8B4A0E112C754CA2002722AB /* iosShieldAction.appex */;
			productType = "com.apple.product-type.app-extension";
		};
		8B4A0E572C77AF8B002722AB /* iosMainAppUnitTests */ = {
			isa = PBXNativeTarget;
			buildConfigurationList = 8B4A0E5E2C77AF8C002722AB /* Build configuration list for PBXNativeTarget "iosMainAppUnitTests" */;
			buildPhases = (
				8B4A0E542C77AF8B002722AB /* Sources */,
				8B4A0E552C77AF8B002722AB /* Frameworks */,
				8B4A0E562C77AF8B002722AB /* Resources */,
			);
			buildRules = (
			);
			dependencies = (
				8B4A0E5D2C77AF8C002722AB /* PBXTargetDependency */,
			);
			name = iosMainAppUnitTests;
			productName = iosMainAppUnitTests;
			productReference = 8B4A0E582C77AF8B002722AB /* iosMainAppUnitTests.xctest */;
			productType = "com.apple.product-type.bundle.unit-test";
		};
		8BADB4002C73B4B400E0DCDC /* iosShieldConfiguration */ = {
			isa = PBXNativeTarget;
			buildConfigurationList = 8BADB40E2C73B4B400E0DCDC /* Build configuration list for PBXNativeTarget "iosShieldConfiguration" */;
			buildPhases = (
				8BADB3FD2C73B4B400E0DCDC /* Sources */,
				8BADB3FE2C73B4B400E0DCDC /* Frameworks */,
				8BADB3FF2C73B4B400E0DCDC /* Resources */,
			);
			buildRules = (
			);
			dependencies = (
			);
			name = iosShieldConfiguration;
			productName = iosShieldConfiguration;
			productReference = 8BADB4012C73B4B400E0DCDC /* iosShieldConfiguration.appex */;
			productType = "com.apple.product-type.app-extension";
		};
		8BBF76A82C6BDAD2005EC2D2 /* DuckBlock */ = {
			isa = PBXNativeTarget;
			buildConfigurationList = 8BBF76BC2C6BDAD5005EC2D2 /* Build configuration list for PBXNativeTarget "DuckBlock" */;
			buildPhases = (
				8BBF76A52C6BDAD2005EC2D2 /* Sources */,
				8BBF76A62C6BDAD2005EC2D2 /* Frameworks */,
				8BBF76A72C6BDAD2005EC2D2 /* Resources */,
				8BBF770B2C6FD340005EC2D2 /* Embed Foundation Extensions */,
			);
			buildRules = (
			);
			dependencies = (
				8BBF77422C6FFEAF005EC2D2 /* PBXTargetDependency */,
				8BADB40A2C73B4B400E0DCDC /* PBXTargetDependency */,
				8B4A0E192C754CA2002722AB /* PBXTargetDependency */,
			);
			name = DuckBlock;
			productName = AppBlockerOne;
			productReference = 8BBF76A92C6BDAD2005EC2D2 /* DuckBlock.app */;
			productType = "com.apple.product-type.application";
		};
		8BBF77392C6FFEAF005EC2D2 /* iosDeviceActivityMonitor */ = {
			isa = PBXNativeTarget;
			buildConfigurationList = 8BBF77442C6FFEAF005EC2D2 /* Build configuration list for PBXNativeTarget "iosDeviceActivityMonitor" */;
			buildPhases = (
				8BBF77362C6FFEAF005EC2D2 /* Sources */,
				8BBF77372C6FFEAF005EC2D2 /* Frameworks */,
				8BBF77382C6FFEAF005EC2D2 /* Resources */,
			);
			buildRules = (
			);
			dependencies = (
			);
			name = iosDeviceActivityMonitor;
			productName = iosDeviceActivityMonitor;
			productReference = 8BBF773A2C6FFEAF005EC2D2 /* iosDeviceActivityMonitor.appex */;
			productType = "com.apple.product-type.app-extension";
		};
/* End PBXNativeTarget section */

/* Begin PBXProject section */
		8BBF76A12C6BDAD2005EC2D2 /* Project object */ = {
			isa = PBXProject;
			attributes = {
				BuildIndependentTargetsInParallel = 1;
				LastSwiftUpdateCheck = 1540;
				LastUpgradeCheck = 1540;
				TargetAttributes = {
					8B4A0E102C754CA2002722AB = {
						CreatedOnToolsVersion = 15.4;
						LastSwiftMigration = 1540;
					};
					8B4A0E572C77AF8B002722AB = {
						CreatedOnToolsVersion = 15.4;
						TestTargetID = 8BBF76A82C6BDAD2005EC2D2;
					};
					8BADB4002C73B4B400E0DCDC = {
						CreatedOnToolsVersion = 15.4;
					};
					8BBF76A82C6BDAD2005EC2D2 = {
						CreatedOnToolsVersion = 15.4;
					};
					8BBF77392C6FFEAF005EC2D2 = {
						CreatedOnToolsVersion = 15.4;
					};
				};
			};
			buildConfigurationList = 8BBF76A42C6BDAD2005EC2D2 /* Build configuration list for PBXProject "DuckBlock" */;
			compatibilityVersion = "Xcode 14.0";
			developmentRegion = en;
			hasScannedForEncodings = 0;
			knownRegions = (
				en,
				Base,
			);
			mainGroup = 8BBF76A02C6BDAD2005EC2D2;
			packageReferences = (
			);
			productRefGroup = 8BBF76AA2C6BDAD2005EC2D2 /* Products */;
			projectDirPath = "";
			projectRoot = "";
			targets = (
				8BBF76A82C6BDAD2005EC2D2 /* DuckBlock */,
				8BBF77392C6FFEAF005EC2D2 /* iosDeviceActivityMonitor */,
				8BADB4002C73B4B400E0DCDC /* iosShieldConfiguration */,
				8B4A0E102C754CA2002722AB /* iosShieldAction */,
				8B4A0E572C77AF8B002722AB /* iosMainAppUnitTests */,
			);
		};
/* End PBXProject section */

/* Begin PBXResourcesBuildPhase section */
		8B4A0E0F2C754CA2002722AB /* Resources */ = {
			isa = PBXResourcesBuildPhase;
			buildActionMask = 2147483647;
			files = (
			);
			runOnlyForDeploymentPostprocessing = 0;
		};
		8B4A0E562C77AF8B002722AB /* Resources */ = {
			isa = PBXResourcesBuildPhase;
			buildActionMask = 2147483647;
			files = (
			);
			runOnlyForDeploymentPostprocessing = 0;
		};
		8BADB3FF2C73B4B400E0DCDC /* Resources */ = {
			isa = PBXResourcesBuildPhase;
			buildActionMask = 2147483647;
			files = (
				8B4A0E0C2C754142002722AB /* Assets.xcassets in Resources */,
			);
			runOnlyForDeploymentPostprocessing = 0;
		};
		8BBF76A72C6BDAD2005EC2D2 /* Resources */ = {
			isa = PBXResourcesBuildPhase;
			buildActionMask = 2147483647;
			files = (
				8BBF76B42C6BDAD5005EC2D2 /* Preview Assets.xcassets in Resources */,
				8BBF76ED2C6EAD04005EC2D2 /* Poppins-Bold.ttf in Resources */,
				8BBF76B12C6BDAD5005EC2D2 /* Assets.xcassets in Resources */,
				8BBF76E62C6E85A9005EC2D2 /* mockFaSelection.json in Resources */,
			);
			runOnlyForDeploymentPostprocessing = 0;
		};
		8BBF77382C6FFEAF005EC2D2 /* Resources */ = {
			isa = PBXResourcesBuildPhase;
			buildActionMask = 2147483647;
			files = (
			);
			runOnlyForDeploymentPostprocessing = 0;
		};
/* End PBXResourcesBuildPhase section */

/* Begin PBXSourcesBuildPhase section */
		8B4A0E0D2C754CA2002722AB /* Sources */ = {
			isa = PBXSourcesBuildPhase;
			buildActionMask = 2147483647;
			files = (
				8B4A0E4B2C76AD5E002722AB /* BlockSettingsHelpers.swift in Sources */,
				8B4A0E402C7689B7002722AB /* TokenHelpers.swift in Sources */,
				8B4A0E3F2C76887A002722AB /* String+Error.swift in Sources */,
				8BE1AA262C7907AB0065DC1B /* BlockedItemDefault.swift in Sources */,
				8BE1AA1C2C77FDDA0065DC1B /* BlockStatsDefault.swift in Sources */,
				8B4A0E312C766F6B002722AB /* UserDefaultHelpers.swift in Sources */,
				8B4A0E1E2C754CC3002722AB /* GroupUserDefaults.swift in Sources */,
				8B4A0E152C754CA2002722AB /* ShieldActionExtension.swift in Sources */,
				8B4A0E442C769A8C002722AB /* NotificationHelpers.swift in Sources */,
				8B4A0E362C767005002722AB /* Helpers.swift in Sources */,
				8B4A0E492C76A674002722AB /* ShieldUserDefaultReaderUtilities.swift in Sources */,
				8BE1AA212C78077D0065DC1B /* ScheduleHelpers.swift in Sources */,
				8B4A0E3E2C7680FF002722AB /* UserDefaults+JSONCoding.swift in Sources */,
				8B4A0E352C766FBD002722AB /* ShieldMemory.swift in Sources */,
				8B4A0E4A2C76A708002722AB /* GroupShieldDefault.swift in Sources */,
			);
			runOnlyForDeploymentPostprocessing = 0;
		};
		8B4A0E542C77AF8B002722AB /* Sources */ = {
			isa = PBXSourcesBuildPhase;
			buildActionMask = 2147483647;
			files = (
				8B4A0E622C77B0A4002722AB /* TokenHelpers.swift in Sources */,
				8B4A0E612C77B040002722AB /* UserDefaultHelpers.swift in Sources */,
				8B4A0E5B2C77AF8B002722AB /* iosMainAppUnitTests.swift in Sources */,
				8B4A0E632C77B0B4002722AB /* Helpers.swift in Sources */,
			);
			runOnlyForDeploymentPostprocessing = 0;
		};
		8BADB3FD2C73B4B400E0DCDC /* Sources */ = {
			isa = PBXSourcesBuildPhase;
			buildActionMask = 2147483647;
			files = (
				8BE1AA202C78077D0065DC1B /* ScheduleHelpers.swift in Sources */,
				8BADB4162C740EAF00E0DCDC /* String+Error.swift in Sources */,
				8BADB4132C7407A500E0DCDC /* TokenHelpers.swift in Sources */,
				8B4A0E062C7539F8002722AB /* UserDefaultHelpers.swift in Sources */,
				8B4A0E432C769A8C002722AB /* NotificationHelpers.swift in Sources */,
				8B4A0E0A2C753D7C002722AB /* GroupShieldDefault.swift in Sources */,
				8B4A0E3D2C7680FF002722AB /* UserDefaults+JSONCoding.swift in Sources */,
				8BADB4062C73B4B400E0DCDC /* ShieldConfigurationExtension.swift in Sources */,
				8BE1AA1B2C77FDDA0065DC1B /* BlockStatsDefault.swift in Sources */,
				8B4A0DFF2C7412B9002722AB /* Persistence.swift in Sources */,
				8B4A0E482C76A674002722AB /* ShieldUserDefaultReaderUtilities.swift in Sources */,
				8BE1AA252C7907AB0065DC1B /* BlockedItemDefault.swift in Sources */,
				8BADB4152C7408C000E0DCDC /* AppBlockerOne.xcdatamodeld in Sources */,
				8BADB40F2C73C0A600E0DCDC /* Helpers.swift in Sources */,
				8B4A0E042C7538E1002722AB /* GroupUserDefaults.swift in Sources */,
				8B4A0E342C766FBD002722AB /* ShieldMemory.swift in Sources */,
			);
			runOnlyForDeploymentPostprocessing = 0;
		};
		8BBF76A52C6BDAD2005EC2D2 /* Sources */ = {
			isa = PBXSourcesBuildPhase;
			buildActionMask = 2147483647;
			files = (
				8BBF76F52C6EB346005EC2D2 /* EditAppGroupView.swift in Sources */,
				8BBF76B62C6BDAD5005EC2D2 /* Persistence.swift in Sources */,
				8BBF76C42C6BE8A5005EC2D2 /* AppGroupSettingsView.swift in Sources */,
				8BE1AA232C7907AB0065DC1B /* BlockedItemDefault.swift in Sources */,
				8BBF77322C6FFA31005EC2D2 /* String+Error.swift in Sources */,
				8BBF76AF2C6BDAD2005EC2D2 /* ContentView.swift in Sources */,
				8B4A0E3C2C7680FF002722AB /* UserDefaults+JSONCoding.swift in Sources */,
				8B4A0E4F2C76B0EF002722AB /* ScheduleDefault.swift in Sources */,
				8BBF76AD2C6BDAD2005EC2D2 /* AppBlockerOneApp.swift in Sources */,
				8B4A0E032C753602002722AB /* GroupUserDefaults.swift in Sources */,
				8BBF76D12C6D1FB1005EC2D2 /* ReusableStyles.swift in Sources */,
				8BBF76DF2C6E6EFF005EC2D2 /* FamilyActivityTokensView.swift in Sources */,
				8B4A0E522C76B45F002722AB /* ScheduleEndFlagDefault.swift in Sources */,
				8BE1AA2A2C7D43730065DC1B /* HelpView.swift in Sources */,
				8B4A0E332C766FBD002722AB /* ShieldMemory.swift in Sources */,
				8BBF76DD2C6D6EE8005EC2D2 /* Comparable+Clamp.swift in Sources */,
				8BE1AA282C793A770065DC1B /* SettingsError.swift in Sources */,
				8B4A0E092C753AE5002722AB /* GroupShieldDefault.swift in Sources */,
				8BBF76C12C6BE725005EC2D2 /* GroupColor.swift in Sources */,
				8BBF76D82C6D662A005EC2D2 /* NewAppGroupView.swift in Sources */,
				8B4A0E422C769A8C002722AB /* NotificationHelpers.swift in Sources */,
				8BBF76CF2C6D1DCF005EC2D2 /* AppSelectionSettingView.swift in Sources */,
				8BBF77502C702087005EC2D2 /* BlockSettingsHelpers.swift in Sources */,
				8BBF76DB2C6D6A35005EC2D2 /* KeyboardReadable+Notifications.swift in Sources */,
				8BE1AA192C77FDDA0065DC1B /* BlockStatsDefault.swift in Sources */,
				8BE1AA1E2C78077D0065DC1B /* ScheduleHelpers.swift in Sources */,
				8BADB4112C73F28900E0DCDC /* TokenHelpers.swift in Sources */,
				8BE1AA2D2C7E398A0065DC1B /* HomeView.swift in Sources */,
				8B4A0E012C751DE7002722AB /* UserDefaultHelpers.swift in Sources */,
				8BBF76D62C6D643D005EC2D2 /* OpenMethods.swift in Sources */,
				8BBF76D42C6D5C81005EC2D2 /* AppGroupSettingsModel.swift in Sources */,
				8BBF76E22C6E7C23005EC2D2 /* Helpers.swift in Sources */,
				8BBF76B92C6BDAD5005EC2D2 /* AppBlockerOne.xcdatamodeld in Sources */,
			);
			runOnlyForDeploymentPostprocessing = 0;
		};
		8BBF77362C6FFEAF005EC2D2 /* Sources */ = {
			isa = PBXSourcesBuildPhase;
			buildActionMask = 2147483647;
			files = (
				8B4A0E4C2C76AE90002722AB /* UserDefaults+JSONCoding.swift in Sources */,
				8B4A0E502C76B0EF002722AB /* ScheduleDefault.swift in Sources */,
				8B4A0E532C76B45F002722AB /* ScheduleEndFlagDefault.swift in Sources */,
				8BE1AA242C7907AB0065DC1B /* BlockedItemDefault.swift in Sources */,
				8BE1AA1A2C77FDDA0065DC1B /* BlockStatsDefault.swift in Sources */,
				8B4A0E052C7538E1002722AB /* GroupUserDefaults.swift in Sources */,
				8B4A0E0B2C753DBA002722AB /* TokenHelpers.swift in Sources */,
				8BBF774A2C700395005EC2D2 /* Comparable+Clamp.swift in Sources */,
				8B4A0E072C7539F9002722AB /* UserDefaultHelpers.swift in Sources */,
				8BBF774B2C700E42005EC2D2 /* Helpers.swift in Sources */,
				8BBF773E2C6FFEAF005EC2D2 /* DeviceActivityMonitorExtension.swift in Sources */,
				8BE1AA1F2C78077D0065DC1B /* ScheduleHelpers.swift in Sources */,
				8BBF77492C700391005EC2D2 /* String+Error.swift in Sources */,
				8B4A0E452C769A8F002722AB /* NotificationHelpers.swift in Sources */,
				8BBF77512C702087005EC2D2 /* BlockSettingsHelpers.swift in Sources */,
			);
			runOnlyForDeploymentPostprocessing = 0;
		};
/* End PBXSourcesBuildPhase section */

/* Begin PBXTargetDependency section */
		8B4A0E192C754CA2002722AB /* PBXTargetDependency */ = {
			isa = PBXTargetDependency;
			target = 8B4A0E102C754CA2002722AB /* iosShieldAction */;
			targetProxy = 8B4A0E182C754CA2002722AB /* PBXContainerItemProxy */;
		};
		8B4A0E5D2C77AF8C002722AB /* PBXTargetDependency */ = {
			isa = PBXTargetDependency;
			target = 8BBF76A82C6BDAD2005EC2D2 /* DuckBlock */;
			targetProxy = 8B4A0E5C2C77AF8C002722AB /* PBXContainerItemProxy */;
		};
		8BADB40A2C73B4B400E0DCDC /* PBXTargetDependency */ = {
			isa = PBXTargetDependency;
			target = 8BADB4002C73B4B400E0DCDC /* iosShieldConfiguration */;
			targetProxy = 8BADB4092C73B4B400E0DCDC /* PBXContainerItemProxy */;
		};
		8BBF77422C6FFEAF005EC2D2 /* PBXTargetDependency */ = {
			isa = PBXTargetDependency;
			target = 8BBF77392C6FFEAF005EC2D2 /* iosDeviceActivityMonitor */;
			targetProxy = 8BBF77412C6FFEAF005EC2D2 /* PBXContainerItemProxy */;
		};
/* End PBXTargetDependency section */

/* Begin XCBuildConfiguration section */
		8B4A0E1C2C754CA2002722AB /* Debug */ = {
			isa = XCBuildConfiguration;
			buildSettings = {
				CLANG_ENABLE_MODULES = YES;
				CODE_SIGN_ENTITLEMENTS = iosShieldAction/iosShieldAction.entitlements;
				CODE_SIGN_STYLE = Automatic;
				CURRENT_PROJECT_VERSION = 1;
				DEVELOPMENT_TEAM = 456G72PT96;
				GENERATE_INFOPLIST_FILE = YES;
				INFOPLIST_FILE = iosShieldAction/Info.plist;
				INFOPLIST_KEY_CFBundleDisplayName = iosShieldAction;
				INFOPLIST_KEY_NSHumanReadableCopyright = "";
				LD_RUNPATH_SEARCH_PATHS = (
					"$(inherited)",
					"@executable_path/Frameworks",
					"@executable_path/../../Frameworks",
				);
				MARKETING_VERSION = 1.0;
				PRODUCT_BUNDLE_IDENTIFIER = com.fbdco.AppBlockerOne.iosShieldAction;
				PRODUCT_NAME = "$(TARGET_NAME)";
				SKIP_INSTALL = YES;
				SWIFT_EMIT_LOC_STRINGS = YES;
				SWIFT_OBJC_BRIDGING_HEADER = "";
				SWIFT_OPTIMIZATION_LEVEL = "-Onone";
				SWIFT_VERSION = 5.0;
				TARGETED_DEVICE_FAMILY = "1,2";
			};
			name = Debug;
		};
		8B4A0E1D2C754CA2002722AB /* Release */ = {
			isa = XCBuildConfiguration;
			buildSettings = {
				CLANG_ENABLE_MODULES = YES;
				CODE_SIGN_ENTITLEMENTS = iosShieldAction/iosShieldAction.entitlements;
				CODE_SIGN_STYLE = Automatic;
				CURRENT_PROJECT_VERSION = 1;
				DEVELOPMENT_TEAM = 456G72PT96;
				GENERATE_INFOPLIST_FILE = YES;
				INFOPLIST_FILE = iosShieldAction/Info.plist;
				INFOPLIST_KEY_CFBundleDisplayName = iosShieldAction;
				INFOPLIST_KEY_NSHumanReadableCopyright = "";
				LD_RUNPATH_SEARCH_PATHS = (
					"$(inherited)",
					"@executable_path/Frameworks",
					"@executable_path/../../Frameworks",
				);
				MARKETING_VERSION = 1.0;
				PRODUCT_BUNDLE_IDENTIFIER = com.fbdco.AppBlockerOne.iosShieldAction;
				PRODUCT_NAME = "$(TARGET_NAME)";
				SKIP_INSTALL = YES;
				SWIFT_EMIT_LOC_STRINGS = YES;
				SWIFT_OBJC_BRIDGING_HEADER = "";
				SWIFT_VERSION = 5.0;
				TARGETED_DEVICE_FAMILY = "1,2";
			};
			name = Release;
		};
		8B4A0E5F2C77AF8C002722AB /* Debug */ = {
			isa = XCBuildConfiguration;
			buildSettings = {
				BUNDLE_LOADER = "$(TEST_HOST)";
				CODE_SIGN_STYLE = Automatic;
				CURRENT_PROJECT_VERSION = 1;
				DEVELOPMENT_TEAM = 456G72PT96;
				GENERATE_INFOPLIST_FILE = YES;
				MARKETING_VERSION = 1.0;
				PRODUCT_BUNDLE_IDENTIFIER = com.fbdco.AppBlockerOne.iosMainAppUnitTests;
				PRODUCT_NAME = "$(TARGET_NAME)";
				SWIFT_EMIT_LOC_STRINGS = NO;
				SWIFT_VERSION = 5.0;
				TARGETED_DEVICE_FAMILY = "1,2";
				TEST_HOST = "$(BUILT_PRODUCTS_DIR)/DuckBlock.app/$(BUNDLE_EXECUTABLE_FOLDER_PATH)/DuckBlock";
			};
			name = Debug;
		};
		8B4A0E602C77AF8C002722AB /* Release */ = {
			isa = XCBuildConfiguration;
			buildSettings = {
				BUNDLE_LOADER = "$(TEST_HOST)";
				CODE_SIGN_STYLE = Automatic;
				CURRENT_PROJECT_VERSION = 1;
				DEVELOPMENT_TEAM = 456G72PT96;
				GENERATE_INFOPLIST_FILE = YES;
				MARKETING_VERSION = 1.0;
				PRODUCT_BUNDLE_IDENTIFIER = com.fbdco.AppBlockerOne.iosMainAppUnitTests;
				PRODUCT_NAME = "$(TARGET_NAME)";
				SWIFT_EMIT_LOC_STRINGS = NO;
				SWIFT_VERSION = 5.0;
				TARGETED_DEVICE_FAMILY = "1,2";
				TEST_HOST = "$(BUILT_PRODUCTS_DIR)/DuckBlock.app/$(BUNDLE_EXECUTABLE_FOLDER_PATH)/DuckBlock";
			};
			name = Release;
		};
		8BADB40C2C73B4B400E0DCDC /* Debug */ = {
			isa = XCBuildConfiguration;
			buildSettings = {
				CODE_SIGN_ENTITLEMENTS = iosShieldConfiguration/iosShieldConfiguration.entitlements;
				CODE_SIGN_STYLE = Automatic;
				CURRENT_PROJECT_VERSION = 1;
				DEVELOPMENT_TEAM = 456G72PT96;
				GENERATE_INFOPLIST_FILE = YES;
				INFOPLIST_FILE = iosShieldConfiguration/Info.plist;
				INFOPLIST_KEY_CFBundleDisplayName = iosShieldConfiguration;
				INFOPLIST_KEY_NSHumanReadableCopyright = "";
				LD_RUNPATH_SEARCH_PATHS = (
					"$(inherited)",
					"@executable_path/Frameworks",
					"@executable_path/../../Frameworks",
				);
				MARKETING_VERSION = 1.0;
				PRODUCT_BUNDLE_IDENTIFIER = com.fbdco.AppBlockerOne.iosShieldConfiguration;
				PRODUCT_NAME = "$(TARGET_NAME)";
				SKIP_INSTALL = YES;
				SWIFT_EMIT_LOC_STRINGS = YES;
				SWIFT_VERSION = 5.0;
				TARGETED_DEVICE_FAMILY = "1,2";
			};
			name = Debug;
		};
		8BADB40D2C73B4B400E0DCDC /* Release */ = {
			isa = XCBuildConfiguration;
			buildSettings = {
				CODE_SIGN_ENTITLEMENTS = iosShieldConfiguration/iosShieldConfiguration.entitlements;
				CODE_SIGN_STYLE = Automatic;
				CURRENT_PROJECT_VERSION = 1;
				DEVELOPMENT_TEAM = 456G72PT96;
				GENERATE_INFOPLIST_FILE = YES;
				INFOPLIST_FILE = iosShieldConfiguration/Info.plist;
				INFOPLIST_KEY_CFBundleDisplayName = iosShieldConfiguration;
				INFOPLIST_KEY_NSHumanReadableCopyright = "";
				LD_RUNPATH_SEARCH_PATHS = (
					"$(inherited)",
					"@executable_path/Frameworks",
					"@executable_path/../../Frameworks",
				);
				MARKETING_VERSION = 1.0;
				PRODUCT_BUNDLE_IDENTIFIER = com.fbdco.AppBlockerOne.iosShieldConfiguration;
				PRODUCT_NAME = "$(TARGET_NAME)";
				SKIP_INSTALL = YES;
				SWIFT_EMIT_LOC_STRINGS = YES;
				SWIFT_VERSION = 5.0;
				TARGETED_DEVICE_FAMILY = "1,2";
			};
			name = Release;
		};
		8BBF76BA2C6BDAD5005EC2D2 /* Debug */ = {
			isa = XCBuildConfiguration;
			buildSettings = {
				ALWAYS_SEARCH_USER_PATHS = NO;
				ASSETCATALOG_COMPILER_GENERATE_SWIFT_ASSET_SYMBOL_EXTENSIONS = YES;
				CLANG_ANALYZER_NONNULL = YES;
				CLANG_ANALYZER_NUMBER_OBJECT_CONVERSION = YES_AGGRESSIVE;
				CLANG_CXX_LANGUAGE_STANDARD = "gnu++20";
				CLANG_ENABLE_MODULES = YES;
				CLANG_ENABLE_OBJC_ARC = YES;
				CLANG_ENABLE_OBJC_WEAK = YES;
				CLANG_WARN_BLOCK_CAPTURE_AUTORELEASING = YES;
				CLANG_WARN_BOOL_CONVERSION = YES;
				CLANG_WARN_COMMA = YES;
				CLANG_WARN_CONSTANT_CONVERSION = YES;
				CLANG_WARN_DEPRECATED_OBJC_IMPLEMENTATIONS = YES;
				CLANG_WARN_DIRECT_OBJC_ISA_USAGE = YES_ERROR;
				CLANG_WARN_DOCUMENTATION_COMMENTS = YES;
				CLANG_WARN_EMPTY_BODY = YES;
				CLANG_WARN_ENUM_CONVERSION = YES;
				CLANG_WARN_INFINITE_RECURSION = YES;
				CLANG_WARN_INT_CONVERSION = YES;
				CLANG_WARN_NON_LITERAL_NULL_CONVERSION = YES;
				CLANG_WARN_OBJC_IMPLICIT_RETAIN_SELF = YES;
				CLANG_WARN_OBJC_LITERAL_CONVERSION = YES;
				CLANG_WARN_OBJC_ROOT_CLASS = YES_ERROR;
				CLANG_WARN_QUOTED_INCLUDE_IN_FRAMEWORK_HEADER = YES;
				CLANG_WARN_RANGE_LOOP_ANALYSIS = YES;
				CLANG_WARN_STRICT_PROTOTYPES = YES;
				CLANG_WARN_SUSPICIOUS_MOVE = YES;
				CLANG_WARN_UNGUARDED_AVAILABILITY = YES_AGGRESSIVE;
				CLANG_WARN_UNREACHABLE_CODE = YES;
				CLANG_WARN__DUPLICATE_METHOD_MATCH = YES;
				COPY_PHASE_STRIP = NO;
				DEBUG_INFORMATION_FORMAT = dwarf;
				ENABLE_STRICT_OBJC_MSGSEND = YES;
				ENABLE_TESTABILITY = YES;
				ENABLE_USER_SCRIPT_SANDBOXING = YES;
				GCC_C_LANGUAGE_STANDARD = gnu17;
				GCC_DYNAMIC_NO_PIC = NO;
				GCC_NO_COMMON_BLOCKS = YES;
				GCC_OPTIMIZATION_LEVEL = 0;
				GCC_PREPROCESSOR_DEFINITIONS = (
					"DEBUG=1",
					"$(inherited)",
				);
				GCC_WARN_64_TO_32_BIT_CONVERSION = YES;
				GCC_WARN_ABOUT_RETURN_TYPE = YES_ERROR;
				GCC_WARN_UNDECLARED_SELECTOR = YES;
				GCC_WARN_UNINITIALIZED_AUTOS = YES_AGGRESSIVE;
				GCC_WARN_UNUSED_FUNCTION = YES;
				GCC_WARN_UNUSED_VARIABLE = YES;
				IPHONEOS_DEPLOYMENT_TARGET = 17.5;
				LOCALIZATION_PREFERS_STRING_CATALOGS = YES;
				MTL_ENABLE_DEBUG_INFO = INCLUDE_SOURCE;
				MTL_FAST_MATH = YES;
				ONLY_ACTIVE_ARCH = YES;
				SDKROOT = iphoneos;
				SWIFT_ACTIVE_COMPILATION_CONDITIONS = "DEBUG $(inherited)";
				SWIFT_OPTIMIZATION_LEVEL = "-Onone";
			};
			name = Debug;
		};
		8BBF76BB2C6BDAD5005EC2D2 /* Release */ = {
			isa = XCBuildConfiguration;
			buildSettings = {
				ALWAYS_SEARCH_USER_PATHS = NO;
				ASSETCATALOG_COMPILER_GENERATE_SWIFT_ASSET_SYMBOL_EXTENSIONS = YES;
				CLANG_ANALYZER_NONNULL = YES;
				CLANG_ANALYZER_NUMBER_OBJECT_CONVERSION = YES_AGGRESSIVE;
				CLANG_CXX_LANGUAGE_STANDARD = "gnu++20";
				CLANG_ENABLE_MODULES = YES;
				CLANG_ENABLE_OBJC_ARC = YES;
				CLANG_ENABLE_OBJC_WEAK = YES;
				CLANG_WARN_BLOCK_CAPTURE_AUTORELEASING = YES;
				CLANG_WARN_BOOL_CONVERSION = YES;
				CLANG_WARN_COMMA = YES;
				CLANG_WARN_CONSTANT_CONVERSION = YES;
				CLANG_WARN_DEPRECATED_OBJC_IMPLEMENTATIONS = YES;
				CLANG_WARN_DIRECT_OBJC_ISA_USAGE = YES_ERROR;
				CLANG_WARN_DOCUMENTATION_COMMENTS = YES;
				CLANG_WARN_EMPTY_BODY = YES;
				CLANG_WARN_ENUM_CONVERSION = YES;
				CLANG_WARN_INFINITE_RECURSION = YES;
				CLANG_WARN_INT_CONVERSION = YES;
				CLANG_WARN_NON_LITERAL_NULL_CONVERSION = YES;
				CLANG_WARN_OBJC_IMPLICIT_RETAIN_SELF = YES;
				CLANG_WARN_OBJC_LITERAL_CONVERSION = YES;
				CLANG_WARN_OBJC_ROOT_CLASS = YES_ERROR;
				CLANG_WARN_QUOTED_INCLUDE_IN_FRAMEWORK_HEADER = YES;
				CLANG_WARN_RANGE_LOOP_ANALYSIS = YES;
				CLANG_WARN_STRICT_PROTOTYPES = YES;
				CLANG_WARN_SUSPICIOUS_MOVE = YES;
				CLANG_WARN_UNGUARDED_AVAILABILITY = YES_AGGRESSIVE;
				CLANG_WARN_UNREACHABLE_CODE = YES;
				CLANG_WARN__DUPLICATE_METHOD_MATCH = YES;
				COPY_PHASE_STRIP = NO;
				DEBUG_INFORMATION_FORMAT = "dwarf-with-dsym";
				ENABLE_NS_ASSERTIONS = NO;
				ENABLE_STRICT_OBJC_MSGSEND = YES;
				ENABLE_USER_SCRIPT_SANDBOXING = YES;
				GCC_C_LANGUAGE_STANDARD = gnu17;
				GCC_NO_COMMON_BLOCKS = YES;
				GCC_WARN_64_TO_32_BIT_CONVERSION = YES;
				GCC_WARN_ABOUT_RETURN_TYPE = YES_ERROR;
				GCC_WARN_UNDECLARED_SELECTOR = YES;
				GCC_WARN_UNINITIALIZED_AUTOS = YES_AGGRESSIVE;
				GCC_WARN_UNUSED_FUNCTION = YES;
				GCC_WARN_UNUSED_VARIABLE = YES;
				IPHONEOS_DEPLOYMENT_TARGET = 17.5;
				LOCALIZATION_PREFERS_STRING_CATALOGS = YES;
				MTL_ENABLE_DEBUG_INFO = NO;
				MTL_FAST_MATH = YES;
				SDKROOT = iphoneos;
				SWIFT_COMPILATION_MODE = wholemodule;
				VALIDATE_PRODUCT = YES;
			};
			name = Release;
		};
		8BBF76BD2C6BDAD5005EC2D2 /* Debug */ = {
			isa = XCBuildConfiguration;
			buildSettings = {
				ALWAYS_EMBED_SWIFT_STANDARD_LIBRARIES = YES;
				ASSETCATALOG_COMPILER_APPICON_NAME = AppIcon;
				ASSETCATALOG_COMPILER_GLOBAL_ACCENT_COLOR_NAME = AccentColor;
				CODE_SIGN_ENTITLEMENTS = AppBlockerOne/AppBlockerOne.entitlements;
				CODE_SIGN_STYLE = Automatic;
				CURRENT_PROJECT_VERSION = 1;
				DEVELOPMENT_ASSET_PATHS = "\"AppBlockerOne/Preview Content\"";
				DEVELOPMENT_TEAM = 456G72PT96;
				ENABLE_PREVIEWS = YES;
				GENERATE_INFOPLIST_FILE = YES;
				INFOPLIST_FILE = AppBlockerOne/Info.plist;
				INFOPLIST_KEY_UIApplicationSceneManifest_Generation = YES;
				INFOPLIST_KEY_UIApplicationSupportsIndirectInputEvents = YES;
				INFOPLIST_KEY_UILaunchScreen_Generation = YES;
				INFOPLIST_KEY_UISupportedInterfaceOrientations_iPad = "UIInterfaceOrientationPortrait UIInterfaceOrientationPortraitUpsideDown UIInterfaceOrientationLandscapeLeft UIInterfaceOrientationLandscapeRight";
				INFOPLIST_KEY_UISupportedInterfaceOrientations_iPhone = "UIInterfaceOrientationPortrait UIInterfaceOrientationLandscapeLeft UIInterfaceOrientationLandscapeRight";
				INFOPLIST_KEY_UIUserInterfaceStyle = Light;
				LD_RUNPATH_SEARCH_PATHS = (
					"$(inherited)",
					"@executable_path/Frameworks",
				);
				MARKETING_VERSION = 1.0;
				PRODUCT_BUNDLE_IDENTIFIER = com.fbdco.AppBlockerOne;
				PRODUCT_NAME = "$(TARGET_NAME)";
				SWIFT_EMIT_LOC_STRINGS = YES;
				SWIFT_VERSION = 5.0;
				TARGETED_DEVICE_FAMILY = "1,2";
			};
			name = Debug;
		};
		8BBF76BE2C6BDAD5005EC2D2 /* Release */ = {
			isa = XCBuildConfiguration;
			buildSettings = {
				ALWAYS_EMBED_SWIFT_STANDARD_LIBRARIES = YES;
				ASSETCATALOG_COMPILER_APPICON_NAME = AppIcon;
				ASSETCATALOG_COMPILER_GLOBAL_ACCENT_COLOR_NAME = AccentColor;
				CODE_SIGN_ENTITLEMENTS = AppBlockerOne/AppBlockerOne.entitlements;
				CODE_SIGN_STYLE = Automatic;
				CURRENT_PROJECT_VERSION = 1;
				DEVELOPMENT_ASSET_PATHS = "\"AppBlockerOne/Preview Content\"";
				DEVELOPMENT_TEAM = 456G72PT96;
				ENABLE_PREVIEWS = YES;
				GENERATE_INFOPLIST_FILE = YES;
				INFOPLIST_FILE = AppBlockerOne/Info.plist;
				INFOPLIST_KEY_UIApplicationSceneManifest_Generation = YES;
				INFOPLIST_KEY_UIApplicationSupportsIndirectInputEvents = YES;
				INFOPLIST_KEY_UILaunchScreen_Generation = YES;
				INFOPLIST_KEY_UISupportedInterfaceOrientations_iPad = "UIInterfaceOrientationPortrait UIInterfaceOrientationPortraitUpsideDown UIInterfaceOrientationLandscapeLeft UIInterfaceOrientationLandscapeRight";
				INFOPLIST_KEY_UISupportedInterfaceOrientations_iPhone = "UIInterfaceOrientationPortrait UIInterfaceOrientationLandscapeLeft UIInterfaceOrientationLandscapeRight";
				INFOPLIST_KEY_UIUserInterfaceStyle = Light;
				LD_RUNPATH_SEARCH_PATHS = (
					"$(inherited)",
					"@executable_path/Frameworks",
				);
				MARKETING_VERSION = 1.0;
				PRODUCT_BUNDLE_IDENTIFIER = com.fbdco.AppBlockerOne;
				PRODUCT_NAME = "$(TARGET_NAME)";
				SWIFT_EMIT_LOC_STRINGS = YES;
				SWIFT_VERSION = 5.0;
				TARGETED_DEVICE_FAMILY = "1,2";
			};
			name = Release;
		};
		8BBF77452C6FFEAF005EC2D2 /* Debug */ = {
			isa = XCBuildConfiguration;
			buildSettings = {
				CODE_SIGN_ENTITLEMENTS = iosDeviceActivityMonitor/iosDeviceActivityMonitor.entitlements;
				CODE_SIGN_STYLE = Automatic;
				CURRENT_PROJECT_VERSION = 1;
				DEVELOPMENT_TEAM = 456G72PT96;
				GENERATE_INFOPLIST_FILE = YES;
				INFOPLIST_FILE = iosDeviceActivityMonitor/Info.plist;
				INFOPLIST_KEY_CFBundleDisplayName = iosDeviceActivityMonitor;
				INFOPLIST_KEY_NSHumanReadableCopyright = "";
				LD_RUNPATH_SEARCH_PATHS = (
					"$(inherited)",
					"@executable_path/Frameworks",
					"@executable_path/../../Frameworks",
				);
				MARKETING_VERSION = 1.0;
				PRODUCT_BUNDLE_IDENTIFIER = com.fbdco.AppBlockerOne.iosDeviceActivityMonitor;
				PRODUCT_NAME = "$(TARGET_NAME)";
				SKIP_INSTALL = YES;
				SWIFT_EMIT_LOC_STRINGS = YES;
				SWIFT_VERSION = 5.0;
				TARGETED_DEVICE_FAMILY = "1,2";
			};
			name = Debug;
		};
		8BBF77462C6FFEAF005EC2D2 /* Release */ = {
			isa = XCBuildConfiguration;
			buildSettings = {
				CODE_SIGN_ENTITLEMENTS = iosDeviceActivityMonitor/iosDeviceActivityMonitor.entitlements;
				CODE_SIGN_STYLE = Automatic;
				CURRENT_PROJECT_VERSION = 1;
				DEVELOPMENT_TEAM = 456G72PT96;
				GENERATE_INFOPLIST_FILE = YES;
				INFOPLIST_FILE = iosDeviceActivityMonitor/Info.plist;
				INFOPLIST_KEY_CFBundleDisplayName = iosDeviceActivityMonitor;
				INFOPLIST_KEY_NSHumanReadableCopyright = "";
				LD_RUNPATH_SEARCH_PATHS = (
					"$(inherited)",
					"@executable_path/Frameworks",
					"@executable_path/../../Frameworks",
				);
				MARKETING_VERSION = 1.0;
				PRODUCT_BUNDLE_IDENTIFIER = com.fbdco.AppBlockerOne.iosDeviceActivityMonitor;
				PRODUCT_NAME = "$(TARGET_NAME)";
				SKIP_INSTALL = YES;
				SWIFT_EMIT_LOC_STRINGS = YES;
				SWIFT_VERSION = 5.0;
				TARGETED_DEVICE_FAMILY = "1,2";
			};
			name = Release;
		};
/* End XCBuildConfiguration section */

/* Begin XCConfigurationList section */
		8B4A0E1B2C754CA2002722AB /* Build configuration list for PBXNativeTarget "iosShieldAction" */ = {
			isa = XCConfigurationList;
			buildConfigurations = (
				8B4A0E1C2C754CA2002722AB /* Debug */,
				8B4A0E1D2C754CA2002722AB /* Release */,
			);
			defaultConfigurationIsVisible = 0;
			defaultConfigurationName = Release;
		};
		8B4A0E5E2C77AF8C002722AB /* Build configuration list for PBXNativeTarget "iosMainAppUnitTests" */ = {
			isa = XCConfigurationList;
			buildConfigurations = (
				8B4A0E5F2C77AF8C002722AB /* Debug */,
				8B4A0E602C77AF8C002722AB /* Release */,
			);
			defaultConfigurationIsVisible = 0;
			defaultConfigurationName = Release;
		};
		8BADB40E2C73B4B400E0DCDC /* Build configuration list for PBXNativeTarget "iosShieldConfiguration" */ = {
			isa = XCConfigurationList;
			buildConfigurations = (
				8BADB40C2C73B4B400E0DCDC /* Debug */,
				8BADB40D2C73B4B400E0DCDC /* Release */,
			);
			defaultConfigurationIsVisible = 0;
			defaultConfigurationName = Release;
		};
		8BBF76A42C6BDAD2005EC2D2 /* Build configuration list for PBXProject "DuckBlock" */ = {
			isa = XCConfigurationList;
			buildConfigurations = (
				8BBF76BA2C6BDAD5005EC2D2 /* Debug */,
				8BBF76BB2C6BDAD5005EC2D2 /* Release */,
			);
			defaultConfigurationIsVisible = 0;
			defaultConfigurationName = Release;
		};
		8BBF76BC2C6BDAD5005EC2D2 /* Build configuration list for PBXNativeTarget "DuckBlock" */ = {
			isa = XCConfigurationList;
			buildConfigurations = (
				8BBF76BD2C6BDAD5005EC2D2 /* Debug */,
				8BBF76BE2C6BDAD5005EC2D2 /* Release */,
			);
			defaultConfigurationIsVisible = 0;
			defaultConfigurationName = Release;
		};
		8BBF77442C6FFEAF005EC2D2 /* Build configuration list for PBXNativeTarget "iosDeviceActivityMonitor" */ = {
			isa = XCConfigurationList;
			buildConfigurations = (
				8BBF77452C6FFEAF005EC2D2 /* Debug */,
				8BBF77462C6FFEAF005EC2D2 /* Release */,
			);
			defaultConfigurationIsVisible = 0;
			defaultConfigurationName = Release;
		};
/* End XCConfigurationList section */

/* Begin XCVersionGroup section */
		8BBF76B72C6BDAD5005EC2D2 /* AppBlockerOne.xcdatamodeld */ = {
			isa = XCVersionGroup;
			children = (
				8BBF76B82C6BDAD5005EC2D2 /* AppBlockerOne.xcdatamodel */,
			);
			currentVersion = 8BBF76B82C6BDAD5005EC2D2 /* AppBlockerOne.xcdatamodel */;
			path = AppBlockerOne.xcdatamodeld;
			sourceTree = "<group>";
			versionGroupType = wrapper.xcdatamodel;
		};
/* End XCVersionGroup section */
	};
	rootObject = 8BBF76A12C6BDAD2005EC2D2 /* Project object */;
}
