// !$*UTF8*$!
{
	archiveVersion = 1;
	classes = {
	};
	objectVersion = 56;
	objects = {

/* Begin PBXBuildFile section */
		8BBF76AD2C6BDAD2005EC2D2 /* AppBlockerOneApp.swift in Sources */ = {isa = PBXBuildFile; fileRef = 8BBF76AC2C6BDAD2005EC2D2 /* AppBlockerOneApp.swift */; };
		8BBF76AF2C6BDAD2005EC2D2 /* ContentView.swift in Sources */ = {isa = PBXBuildFile; fileRef = 8BBF76AE2C6BDAD2005EC2D2 /* ContentView.swift */; };
		8BBF76B12C6BDAD5005EC2D2 /* Assets.xcassets in Resources */ = {isa = PBXBuildFile; fileRef = 8BBF76B02C6BDAD5005EC2D2 /* Assets.xcassets */; };
		8BBF76B42C6BDAD5005EC2D2 /* Preview Assets.xcassets in Resources */ = {isa = PBXBuildFile; fileRef = 8BBF76B32C6BDAD5005EC2D2 /* Preview Assets.xcassets */; };
		8BBF76B62C6BDAD5005EC2D2 /* Persistence.swift in Sources */ = {isa = PBXBuildFile; fileRef = 8BBF76B52C6BDAD5005EC2D2 /* Persistence.swift */; };
		8BBF76B92C6BDAD5005EC2D2 /* AppBlockerOne.xcdatamodeld in Sources */ = {isa = PBXBuildFile; fileRef = 8BBF76B72C6BDAD5005EC2D2 /* AppBlockerOne.xcdatamodeld */; };
		8BBF76C12C6BE725005EC2D2 /* GroupColor.swift in Sources */ = {isa = PBXBuildFile; fileRef = 8BBF76C02C6BE725005EC2D2 /* GroupColor.swift */; };
		8BBF76C42C6BE8A5005EC2D2 /* AppGroupSettingsView.swift in Sources */ = {isa = PBXBuildFile; fileRef = 8BBF76C32C6BE8A5005EC2D2 /* AppGroupSettingsView.swift */; };
		8BBF76CF2C6D1DCF005EC2D2 /* AppSelectionSettingView.swift in Sources */ = {isa = PBXBuildFile; fileRef = 8BBF76CE2C6D1DCF005EC2D2 /* AppSelectionSettingView.swift */; };
		8BBF76D12C6D1FB1005EC2D2 /* ReusableStyles.swift in Sources */ = {isa = PBXBuildFile; fileRef = 8BBF76D02C6D1FB1005EC2D2 /* ReusableStyles.swift */; };
		8BBF76D42C6D5C81005EC2D2 /* AppGroupSettingsModel.swift in Sources */ = {isa = PBXBuildFile; fileRef = 8BBF76D32C6D5C81005EC2D2 /* AppGroupSettingsModel.swift */; };
		8BBF76D62C6D643D005EC2D2 /* OpenMethods.swift in Sources */ = {isa = PBXBuildFile; fileRef = 8BBF76D52C6D643D005EC2D2 /* OpenMethods.swift */; };
		8BBF76D82C6D662A005EC2D2 /* NewAppGroupView.swift in Sources */ = {isa = PBXBuildFile; fileRef = 8BBF76D72C6D662A005EC2D2 /* NewAppGroupView.swift */; };
		8BBF76DB2C6D6A35005EC2D2 /* KeyboardReadable+Extensions.swift in Sources */ = {isa = PBXBuildFile; fileRef = 8BBF76DA2C6D6A35005EC2D2 /* KeyboardReadable+Extensions.swift */; };
		8BBF76DD2C6D6EE8005EC2D2 /* Comparable+Extensions.swift in Sources */ = {isa = PBXBuildFile; fileRef = 8BBF76DC2C6D6EE8005EC2D2 /* Comparable+Extensions.swift */; };
		8BBF76DF2C6E6EFF005EC2D2 /* FamilyActivityTokensView.swift in Sources */ = {isa = PBXBuildFile; fileRef = 8BBF76DE2C6E6EFF005EC2D2 /* FamilyActivityTokensView.swift */; };
		8BBF76E22C6E7C23005EC2D2 /* Helpers.swift in Sources */ = {isa = PBXBuildFile; fileRef = 8BBF76E12C6E7C23005EC2D2 /* Helpers.swift */; };
		8BBF76E62C6E85A9005EC2D2 /* mockFaSelection.json in Resources */ = {isa = PBXBuildFile; fileRef = 8BBF76E52C6E85A9005EC2D2 /* mockFaSelection.json */; };
		8BBF76ED2C6EAD04005EC2D2 /* Poppins-Bold.ttf in Resources */ = {isa = PBXBuildFile; fileRef = 8BBF76EB2C6EACEA005EC2D2 /* Poppins-Bold.ttf */; };
		8BBF76F52C6EB346005EC2D2 /* EditAppGroupView.swift in Sources */ = {isa = PBXBuildFile; fileRef = 8BBF76F42C6EB346005EC2D2 /* EditAppGroupView.swift */; };
/* End PBXBuildFile section */

/* Begin PBXFileReference section */
		8BBF76A92C6BDAD2005EC2D2 /* AppBlockerOne.app */ = {isa = PBXFileReference; explicitFileType = wrapper.application; includeInIndex = 0; path = AppBlockerOne.app; sourceTree = BUILT_PRODUCTS_DIR; };
		8BBF76AC2C6BDAD2005EC2D2 /* AppBlockerOneApp.swift */ = {isa = PBXFileReference; lastKnownFileType = sourcecode.swift; path = AppBlockerOneApp.swift; sourceTree = "<group>"; };
		8BBF76AE2C6BDAD2005EC2D2 /* ContentView.swift */ = {isa = PBXFileReference; lastKnownFileType = sourcecode.swift; path = ContentView.swift; sourceTree = "<group>"; };
		8BBF76B02C6BDAD5005EC2D2 /* Assets.xcassets */ = {isa = PBXFileReference; lastKnownFileType = folder.assetcatalog; path = Assets.xcassets; sourceTree = "<group>"; };
		8BBF76B32C6BDAD5005EC2D2 /* Preview Assets.xcassets */ = {isa = PBXFileReference; lastKnownFileType = folder.assetcatalog; path = "Preview Assets.xcassets"; sourceTree = "<group>"; };
		8BBF76B52C6BDAD5005EC2D2 /* Persistence.swift */ = {isa = PBXFileReference; lastKnownFileType = sourcecode.swift; path = Persistence.swift; sourceTree = "<group>"; };
		8BBF76B82C6BDAD5005EC2D2 /* AppBlockerOne.xcdatamodel */ = {isa = PBXFileReference; lastKnownFileType = wrapper.xcdatamodel; path = AppBlockerOne.xcdatamodel; sourceTree = "<group>"; };
		8BBF76C02C6BE725005EC2D2 /* GroupColor.swift */ = {isa = PBXFileReference; lastKnownFileType = sourcecode.swift; path = GroupColor.swift; sourceTree = "<group>"; };
		8BBF76C32C6BE8A5005EC2D2 /* AppGroupSettingsView.swift */ = {isa = PBXFileReference; lastKnownFileType = sourcecode.swift; path = AppGroupSettingsView.swift; sourceTree = "<group>"; };
		8BBF76CE2C6D1DCF005EC2D2 /* AppSelectionSettingView.swift */ = {isa = PBXFileReference; lastKnownFileType = sourcecode.swift; path = AppSelectionSettingView.swift; sourceTree = "<group>"; };
		8BBF76D02C6D1FB1005EC2D2 /* ReusableStyles.swift */ = {isa = PBXFileReference; lastKnownFileType = sourcecode.swift; path = ReusableStyles.swift; sourceTree = "<group>"; };
		8BBF76D22C6D29EF005EC2D2 /* AppBlockerOne.entitlements */ = {isa = PBXFileReference; lastKnownFileType = text.plist.entitlements; path = AppBlockerOne.entitlements; sourceTree = "<group>"; };
		8BBF76D32C6D5C81005EC2D2 /* AppGroupSettingsModel.swift */ = {isa = PBXFileReference; lastKnownFileType = sourcecode.swift; path = AppGroupSettingsModel.swift; sourceTree = "<group>"; };
		8BBF76D52C6D643D005EC2D2 /* OpenMethods.swift */ = {isa = PBXFileReference; lastKnownFileType = sourcecode.swift; path = OpenMethods.swift; sourceTree = "<group>"; };
		8BBF76D72C6D662A005EC2D2 /* NewAppGroupView.swift */ = {isa = PBXFileReference; lastKnownFileType = sourcecode.swift; path = NewAppGroupView.swift; sourceTree = "<group>"; };
		8BBF76DA2C6D6A35005EC2D2 /* KeyboardReadable+Extensions.swift */ = {isa = PBXFileReference; lastKnownFileType = sourcecode.swift; path = "KeyboardReadable+Extensions.swift"; sourceTree = "<group>"; };
		8BBF76DC2C6D6EE8005EC2D2 /* Comparable+Extensions.swift */ = {isa = PBXFileReference; lastKnownFileType = sourcecode.swift; path = "Comparable+Extensions.swift"; sourceTree = "<group>"; };
		8BBF76DE2C6E6EFF005EC2D2 /* FamilyActivityTokensView.swift */ = {isa = PBXFileReference; lastKnownFileType = sourcecode.swift; path = FamilyActivityTokensView.swift; sourceTree = "<group>"; };
		8BBF76E12C6E7C23005EC2D2 /* Helpers.swift */ = {isa = PBXFileReference; lastKnownFileType = sourcecode.swift; path = Helpers.swift; sourceTree = "<group>"; };
		8BBF76E52C6E85A9005EC2D2 /* mockFaSelection.json */ = {isa = PBXFileReference; lastKnownFileType = text.json; path = mockFaSelection.json; sourceTree = "<group>"; };
		8BBF76EB2C6EACEA005EC2D2 /* Poppins-Bold.ttf */ = {isa = PBXFileReference; lastKnownFileType = file; path = "Poppins-Bold.ttf"; sourceTree = "<group>"; };
		8BBF76F02C6EADA1005EC2D2 /* Info.plist */ = {isa = PBXFileReference; lastKnownFileType = text.plist; path = Info.plist; sourceTree = "<group>"; };
		8BBF76F42C6EB346005EC2D2 /* EditAppGroupView.swift */ = {isa = PBXFileReference; lastKnownFileType = sourcecode.swift; path = EditAppGroupView.swift; sourceTree = "<group>"; };
/* End PBXFileReference section */

/* Begin PBXFrameworksBuildPhase section */
		8BBF76A62C6BDAD2005EC2D2 /* Frameworks */ = {
			isa = PBXFrameworksBuildPhase;
			buildActionMask = 2147483647;
			files = (
			);
			runOnlyForDeploymentPostprocessing = 0;
		};
/* End PBXFrameworksBuildPhase section */

/* Begin PBXGroup section */
		8BBF76A02C6BDAD2005EC2D2 = {
			isa = PBXGroup;
			children = (
				8BBF76AB2C6BDAD2005EC2D2 /* AppBlockerOne */,
				8BBF76AA2C6BDAD2005EC2D2 /* Products */,
			);
			sourceTree = "<group>";
		};
		8BBF76AA2C6BDAD2005EC2D2 /* Products */ = {
			isa = PBXGroup;
			children = (
				8BBF76A92C6BDAD2005EC2D2 /* AppBlockerOne.app */,
			);
			name = Products;
			sourceTree = "<group>";
		};
		8BBF76AB2C6BDAD2005EC2D2 /* AppBlockerOne */ = {
			isa = PBXGroup;
			children = (
				8BBF76F02C6EADA1005EC2D2 /* Info.plist */,
				8BBF76E72C6EACD9005EC2D2 /* Fonts */,
				8BBF76AC2C6BDAD2005EC2D2 /* AppBlockerOneApp.swift */,
				8BBF76E02C6E7C0F005EC2D2 /* Utilities */,
				8BBF76D92C6D6A23005EC2D2 /* Extensions */,
				8BBF76D22C6D29EF005EC2D2 /* AppBlockerOne.entitlements */,
				8BBF76C72C6C158E005EC2D2 /* Styles */,
				8BBF76BF2C6BE702005EC2D2 /* Models */,
				8BBF76C22C6BE880005EC2D2 /* Views */,
				8BBF76B02C6BDAD5005EC2D2 /* Assets.xcassets */,
				8BBF76B22C6BDAD5005EC2D2 /* Preview Content */,
			);
			path = AppBlockerOne;
			sourceTree = "<group>";
		};
		8BBF76B22C6BDAD5005EC2D2 /* Preview Content */ = {
			isa = PBXGroup;
			children = (
				8BBF76B32C6BDAD5005EC2D2 /* Preview Assets.xcassets */,
				8BBF76E52C6E85A9005EC2D2 /* mockFaSelection.json */,
			);
			path = "Preview Content";
			sourceTree = "<group>";
		};
		8BBF76BF2C6BE702005EC2D2 /* Models */ = {
			isa = PBXGroup;
			children = (
				8BBF76B52C6BDAD5005EC2D2 /* Persistence.swift */,
				8BBF76B72C6BDAD5005EC2D2 /* AppBlockerOne.xcdatamodeld */,
				8BBF76C02C6BE725005EC2D2 /* GroupColor.swift */,
				8BBF76D32C6D5C81005EC2D2 /* AppGroupSettingsModel.swift */,
				8BBF76D52C6D643D005EC2D2 /* OpenMethods.swift */,
			);
			path = Models;
			sourceTree = "<group>";
		};
		8BBF76C22C6BE880005EC2D2 /* Views */ = {
			isa = PBXGroup;
			children = (
				8BBF76AE2C6BDAD2005EC2D2 /* ContentView.swift */,
				8BBF76CE2C6D1DCF005EC2D2 /* AppSelectionSettingView.swift */,
				8BBF76DE2C6E6EFF005EC2D2 /* FamilyActivityTokensView.swift */,
				8BBF76F32C6EB2DD005EC2D2 /* AppGroupSettings */,
			);
			path = Views;
			sourceTree = "<group>";
		};
		8BBF76C72C6C158E005EC2D2 /* Styles */ = {
			isa = PBXGroup;
			children = (
				8BBF76D02C6D1FB1005EC2D2 /* ReusableStyles.swift */,
			);
			path = Styles;
			sourceTree = "<group>";
		};
		8BBF76D92C6D6A23005EC2D2 /* Extensions */ = {
			isa = PBXGroup;
			children = (
				8BBF76DA2C6D6A35005EC2D2 /* KeyboardReadable+Extensions.swift */,
				8BBF76DC2C6D6EE8005EC2D2 /* Comparable+Extensions.swift */,
			);
			path = Extensions;
			sourceTree = "<group>";
		};
		8BBF76E02C6E7C0F005EC2D2 /* Utilities */ = {
			isa = PBXGroup;
			children = (
				8BBF76E12C6E7C23005EC2D2 /* Helpers.swift */,
			);
			path = Utilities;
			sourceTree = "<group>";
		};
		8BBF76E72C6EACD9005EC2D2 /* Fonts */ = {
			isa = PBXGroup;
			children = (
				8BBF76EB2C6EACEA005EC2D2 /* Poppins-Bold.ttf */,
			);
			path = Fonts;
			sourceTree = "<group>";
		};
		8BBF76F32C6EB2DD005EC2D2 /* AppGroupSettings */ = {
			isa = PBXGroup;
			children = (
				8BBF76D72C6D662A005EC2D2 /* NewAppGroupView.swift */,
				8BBF76F42C6EB346005EC2D2 /* EditAppGroupView.swift */,
				8BBF76C32C6BE8A5005EC2D2 /* AppGroupSettingsView.swift */,
			);
			path = AppGroupSettings;
			sourceTree = "<group>";
		};
/* End PBXGroup section */

/* Begin PBXNativeTarget section */
		8BBF76A82C6BDAD2005EC2D2 /* AppBlockerOne */ = {
			isa = PBXNativeTarget;
			buildConfigurationList = 8BBF76BC2C6BDAD5005EC2D2 /* Build configuration list for PBXNativeTarget "AppBlockerOne" */;
			buildPhases = (
				8BBF76A52C6BDAD2005EC2D2 /* Sources */,
				8BBF76A62C6BDAD2005EC2D2 /* Frameworks */,
				8BBF76A72C6BDAD2005EC2D2 /* Resources */,
			);
			buildRules = (
			);
			dependencies = (
			);
			name = AppBlockerOne;
			productName = AppBlockerOne;
			productReference = 8BBF76A92C6BDAD2005EC2D2 /* AppBlockerOne.app */;
			productType = "com.apple.product-type.application";
		};
/* End PBXNativeTarget section */

/* Begin PBXProject section */
		8BBF76A12C6BDAD2005EC2D2 /* Project object */ = {
			isa = PBXProject;
			attributes = {
				BuildIndependentTargetsInParallel = 1;
				LastSwiftUpdateCheck = 1540;
				LastUpgradeCheck = 1540;
				TargetAttributes = {
					8BBF76A82C6BDAD2005EC2D2 = {
						CreatedOnToolsVersion = 15.4;
					};
				};
			};
			buildConfigurationList = 8BBF76A42C6BDAD2005EC2D2 /* Build configuration list for PBXProject "AppBlockerOne" */;
			compatibilityVersion = "Xcode 14.0";
			developmentRegion = en;
			hasScannedForEncodings = 0;
			knownRegions = (
				en,
				Base,
			);
			mainGroup = 8BBF76A02C6BDAD2005EC2D2;
			productRefGroup = 8BBF76AA2C6BDAD2005EC2D2 /* Products */;
			projectDirPath = "";
			projectRoot = "";
			targets = (
				8BBF76A82C6BDAD2005EC2D2 /* AppBlockerOne */,
			);
		};
/* End PBXProject section */

/* Begin PBXResourcesBuildPhase section */
		8BBF76A72C6BDAD2005EC2D2 /* Resources */ = {
			isa = PBXResourcesBuildPhase;
			buildActionMask = 2147483647;
			files = (
				8BBF76B42C6BDAD5005EC2D2 /* Preview Assets.xcassets in Resources */,
				8BBF76ED2C6EAD04005EC2D2 /* Poppins-Bold.ttf in Resources */,
				8BBF76B12C6BDAD5005EC2D2 /* Assets.xcassets in Resources */,
				8BBF76E62C6E85A9005EC2D2 /* mockFaSelection.json in Resources */,
			);
			runOnlyForDeploymentPostprocessing = 0;
		};
/* End PBXResourcesBuildPhase section */

/* Begin PBXSourcesBuildPhase section */
		8BBF76A52C6BDAD2005EC2D2 /* Sources */ = {
			isa = PBXSourcesBuildPhase;
			buildActionMask = 2147483647;
			files = (
				8BBF76F52C6EB346005EC2D2 /* EditAppGroupView.swift in Sources */,
				8BBF76B62C6BDAD5005EC2D2 /* Persistence.swift in Sources */,
				8BBF76C42C6BE8A5005EC2D2 /* AppGroupSettingsView.swift in Sources */,
				8BBF76AF2C6BDAD2005EC2D2 /* ContentView.swift in Sources */,
				8BBF76AD2C6BDAD2005EC2D2 /* AppBlockerOneApp.swift in Sources */,
				8BBF76D12C6D1FB1005EC2D2 /* ReusableStyles.swift in Sources */,
				8BBF76DF2C6E6EFF005EC2D2 /* FamilyActivityTokensView.swift in Sources */,
				8BBF76DD2C6D6EE8005EC2D2 /* Comparable+Extensions.swift in Sources */,
				8BBF76C12C6BE725005EC2D2 /* GroupColor.swift in Sources */,
				8BBF76D82C6D662A005EC2D2 /* NewAppGroupView.swift in Sources */,
				8BBF76CF2C6D1DCF005EC2D2 /* AppSelectionSettingView.swift in Sources */,
				8BBF76DB2C6D6A35005EC2D2 /* KeyboardReadable+Extensions.swift in Sources */,
				8BBF76D62C6D643D005EC2D2 /* OpenMethods.swift in Sources */,
				8BBF76D42C6D5C81005EC2D2 /* AppGroupSettingsModel.swift in Sources */,
				8BBF76E22C6E7C23005EC2D2 /* Helpers.swift in Sources */,
				8BBF76B92C6BDAD5005EC2D2 /* AppBlockerOne.xcdatamodeld in Sources */,
			);
			runOnlyForDeploymentPostprocessing = 0;
		};
/* End PBXSourcesBuildPhase section */

/* Begin XCBuildConfiguration section */
		8BBF76BA2C6BDAD5005EC2D2 /* Debug */ = {
			isa = XCBuildConfiguration;
			buildSettings = {
				ALWAYS_SEARCH_USER_PATHS = NO;
				ASSETCATALOG_COMPILER_GENERATE_SWIFT_ASSET_SYMBOL_EXTENSIONS = YES;
				CLANG_ANALYZER_NONNULL = YES;
				CLANG_ANALYZER_NUMBER_OBJECT_CONVERSION = YES_AGGRESSIVE;
				CLANG_CXX_LANGUAGE_STANDARD = "gnu++20";
				CLANG_ENABLE_MODULES = YES;
				CLANG_ENABLE_OBJC_ARC = YES;
				CLANG_ENABLE_OBJC_WEAK = YES;
				CLANG_WARN_BLOCK_CAPTURE_AUTORELEASING = YES;
				CLANG_WARN_BOOL_CONVERSION = YES;
				CLANG_WARN_COMMA = YES;
				CLANG_WARN_CONSTANT_CONVERSION = YES;
				CLANG_WARN_DEPRECATED_OBJC_IMPLEMENTATIONS = YES;
				CLANG_WARN_DIRECT_OBJC_ISA_USAGE = YES_ERROR;
				CLANG_WARN_DOCUMENTATION_COMMENTS = YES;
				CLANG_WARN_EMPTY_BODY = YES;
				CLANG_WARN_ENUM_CONVERSION = YES;
				CLANG_WARN_INFINITE_RECURSION = YES;
				CLANG_WARN_INT_CONVERSION = YES;
				CLANG_WARN_NON_LITERAL_NULL_CONVERSION = YES;
				CLANG_WARN_OBJC_IMPLICIT_RETAIN_SELF = YES;
				CLANG_WARN_OBJC_LITERAL_CONVERSION = YES;
				CLANG_WARN_OBJC_ROOT_CLASS = YES_ERROR;
				CLANG_WARN_QUOTED_INCLUDE_IN_FRAMEWORK_HEADER = YES;
				CLANG_WARN_RANGE_LOOP_ANALYSIS = YES;
				CLANG_WARN_STRICT_PROTOTYPES = YES;
				CLANG_WARN_SUSPICIOUS_MOVE = YES;
				CLANG_WARN_UNGUARDED_AVAILABILITY = YES_AGGRESSIVE;
				CLANG_WARN_UNREACHABLE_CODE = YES;
				CLANG_WARN__DUPLICATE_METHOD_MATCH = YES;
				COPY_PHASE_STRIP = NO;
				DEBUG_INFORMATION_FORMAT = dwarf;
				ENABLE_STRICT_OBJC_MSGSEND = YES;
				ENABLE_TESTABILITY = YES;
				ENABLE_USER_SCRIPT_SANDBOXING = YES;
				GCC_C_LANGUAGE_STANDARD = gnu17;
				GCC_DYNAMIC_NO_PIC = NO;
				GCC_NO_COMMON_BLOCKS = YES;
				GCC_OPTIMIZATION_LEVEL = 0;
				GCC_PREPROCESSOR_DEFINITIONS = (
					"DEBUG=1",
					"$(inherited)",
				);
				GCC_WARN_64_TO_32_BIT_CONVERSION = YES;
				GCC_WARN_ABOUT_RETURN_TYPE = YES_ERROR;
				GCC_WARN_UNDECLARED_SELECTOR = YES;
				GCC_WARN_UNINITIALIZED_AUTOS = YES_AGGRESSIVE;
				GCC_WARN_UNUSED_FUNCTION = YES;
				GCC_WARN_UNUSED_VARIABLE = YES;
				IPHONEOS_DEPLOYMENT_TARGET = 17.5;
				LOCALIZATION_PREFERS_STRING_CATALOGS = YES;
				MTL_ENABLE_DEBUG_INFO = INCLUDE_SOURCE;
				MTL_FAST_MATH = YES;
				ONLY_ACTIVE_ARCH = YES;
				SDKROOT = iphoneos;
				SWIFT_ACTIVE_COMPILATION_CONDITIONS = "DEBUG $(inherited)";
				SWIFT_OPTIMIZATION_LEVEL = "-Onone";
			};
			name = Debug;
		};
		8BBF76BB2C6BDAD5005EC2D2 /* Release */ = {
			isa = XCBuildConfiguration;
			buildSettings = {
				ALWAYS_SEARCH_USER_PATHS = NO;
				ASSETCATALOG_COMPILER_GENERATE_SWIFT_ASSET_SYMBOL_EXTENSIONS = YES;
				CLANG_ANALYZER_NONNULL = YES;
				CLANG_ANALYZER_NUMBER_OBJECT_CONVERSION = YES_AGGRESSIVE;
				CLANG_CXX_LANGUAGE_STANDARD = "gnu++20";
				CLANG_ENABLE_MODULES = YES;
				CLANG_ENABLE_OBJC_ARC = YES;
				CLANG_ENABLE_OBJC_WEAK = YES;
				CLANG_WARN_BLOCK_CAPTURE_AUTORELEASING = YES;
				CLANG_WARN_BOOL_CONVERSION = YES;
				CLANG_WARN_COMMA = YES;
				CLANG_WARN_CONSTANT_CONVERSION = YES;
				CLANG_WARN_DEPRECATED_OBJC_IMPLEMENTATIONS = YES;
				CLANG_WARN_DIRECT_OBJC_ISA_USAGE = YES_ERROR;
				CLANG_WARN_DOCUMENTATION_COMMENTS = YES;
				CLANG_WARN_EMPTY_BODY = YES;
				CLANG_WARN_ENUM_CONVERSION = YES;
				CLANG_WARN_INFINITE_RECURSION = YES;
				CLANG_WARN_INT_CONVERSION = YES;
				CLANG_WARN_NON_LITERAL_NULL_CONVERSION = YES;
				CLANG_WARN_OBJC_IMPLICIT_RETAIN_SELF = YES;
				CLANG_WARN_OBJC_LITERAL_CONVERSION = YES;
				CLANG_WARN_OBJC_ROOT_CLASS = YES_ERROR;
				CLANG_WARN_QUOTED_INCLUDE_IN_FRAMEWORK_HEADER = YES;
				CLANG_WARN_RANGE_LOOP_ANALYSIS = YES;
				CLANG_WARN_STRICT_PROTOTYPES = YES;
				CLANG_WARN_SUSPICIOUS_MOVE = YES;
				CLANG_WARN_UNGUARDED_AVAILABILITY = YES_AGGRESSIVE;
				CLANG_WARN_UNREACHABLE_CODE = YES;
				CLANG_WARN__DUPLICATE_METHOD_MATCH = YES;
				COPY_PHASE_STRIP = NO;
				DEBUG_INFORMATION_FORMAT = "dwarf-with-dsym";
				ENABLE_NS_ASSERTIONS = NO;
				ENABLE_STRICT_OBJC_MSGSEND = YES;
				ENABLE_USER_SCRIPT_SANDBOXING = YES;
				GCC_C_LANGUAGE_STANDARD = gnu17;
				GCC_NO_COMMON_BLOCKS = YES;
				GCC_WARN_64_TO_32_BIT_CONVERSION = YES;
				GCC_WARN_ABOUT_RETURN_TYPE = YES_ERROR;
				GCC_WARN_UNDECLARED_SELECTOR = YES;
				GCC_WARN_UNINITIALIZED_AUTOS = YES_AGGRESSIVE;
				GCC_WARN_UNUSED_FUNCTION = YES;
				GCC_WARN_UNUSED_VARIABLE = YES;
				IPHONEOS_DEPLOYMENT_TARGET = 17.5;
				LOCALIZATION_PREFERS_STRING_CATALOGS = YES;
				MTL_ENABLE_DEBUG_INFO = NO;
				MTL_FAST_MATH = YES;
				SDKROOT = iphoneos;
				SWIFT_COMPILATION_MODE = wholemodule;
				VALIDATE_PRODUCT = YES;
			};
			name = Release;
		};
		8BBF76BD2C6BDAD5005EC2D2 /* Debug */ = {
			isa = XCBuildConfiguration;
			buildSettings = {
				ASSETCATALOG_COMPILER_APPICON_NAME = AppIcon;
				ASSETCATALOG_COMPILER_GLOBAL_ACCENT_COLOR_NAME = AccentColor;
				CODE_SIGN_ENTITLEMENTS = AppBlockerOne/AppBlockerOne.entitlements;
				CODE_SIGN_STYLE = Automatic;
				CURRENT_PROJECT_VERSION = 1;
				DEVELOPMENT_ASSET_PATHS = "\"AppBlockerOne/Preview Content\"";
				DEVELOPMENT_TEAM = 456G72PT96;
				ENABLE_PREVIEWS = YES;
				GENERATE_INFOPLIST_FILE = YES;
				INFOPLIST_FILE = AppBlockerOne/Info.plist;
				INFOPLIST_KEY_UIApplicationSceneManifest_Generation = YES;
				INFOPLIST_KEY_UIApplicationSupportsIndirectInputEvents = YES;
				INFOPLIST_KEY_UILaunchScreen_Generation = YES;
				INFOPLIST_KEY_UISupportedInterfaceOrientations_iPad = "UIInterfaceOrientationPortrait UIInterfaceOrientationPortraitUpsideDown UIInterfaceOrientationLandscapeLeft UIInterfaceOrientationLandscapeRight";
				INFOPLIST_KEY_UISupportedInterfaceOrientations_iPhone = "UIInterfaceOrientationPortrait UIInterfaceOrientationLandscapeLeft UIInterfaceOrientationLandscapeRight";
				LD_RUNPATH_SEARCH_PATHS = (
					"$(inherited)",
					"@executable_path/Frameworks",
				);
				MARKETING_VERSION = 1.0;
				PRODUCT_BUNDLE_IDENTIFIER = com.fbdco.AppBlockerOne;
				PRODUCT_NAME = "$(TARGET_NAME)";
				SWIFT_EMIT_LOC_STRINGS = YES;
				SWIFT_VERSION = 5.0;
				TARGETED_DEVICE_FAMILY = "1,2";
			};
			name = Debug;
		};
		8BBF76BE2C6BDAD5005EC2D2 /* Release */ = {
			isa = XCBuildConfiguration;
			buildSettings = {
				ASSETCATALOG_COMPILER_APPICON_NAME = AppIcon;
				ASSETCATALOG_COMPILER_GLOBAL_ACCENT_COLOR_NAME = AccentColor;
				CODE_SIGN_ENTITLEMENTS = AppBlockerOne/AppBlockerOne.entitlements;
				CODE_SIGN_STYLE = Automatic;
				CURRENT_PROJECT_VERSION = 1;
				DEVELOPMENT_ASSET_PATHS = "\"AppBlockerOne/Preview Content\"";
				DEVELOPMENT_TEAM = 456G72PT96;
				ENABLE_PREVIEWS = YES;
				GENERATE_INFOPLIST_FILE = YES;
				INFOPLIST_FILE = AppBlockerOne/Info.plist;
				INFOPLIST_KEY_UIApplicationSceneManifest_Generation = YES;
				INFOPLIST_KEY_UIApplicationSupportsIndirectInputEvents = YES;
				INFOPLIST_KEY_UILaunchScreen_Generation = YES;
				INFOPLIST_KEY_UISupportedInterfaceOrientations_iPad = "UIInterfaceOrientationPortrait UIInterfaceOrientationPortraitUpsideDown UIInterfaceOrientationLandscapeLeft UIInterfaceOrientationLandscapeRight";
				INFOPLIST_KEY_UISupportedInterfaceOrientations_iPhone = "UIInterfaceOrientationPortrait UIInterfaceOrientationLandscapeLeft UIInterfaceOrientationLandscapeRight";
				LD_RUNPATH_SEARCH_PATHS = (
					"$(inherited)",
					"@executable_path/Frameworks",
				);
				MARKETING_VERSION = 1.0;
				PRODUCT_BUNDLE_IDENTIFIER = com.fbdco.AppBlockerOne;
				PRODUCT_NAME = "$(TARGET_NAME)";
				SWIFT_EMIT_LOC_STRINGS = YES;
				SWIFT_VERSION = 5.0;
				TARGETED_DEVICE_FAMILY = "1,2";
			};
			name = Release;
		};
/* End XCBuildConfiguration section */

/* Begin XCConfigurationList section */
		8BBF76A42C6BDAD2005EC2D2 /* Build configuration list for PBXProject "AppBlockerOne" */ = {
			isa = XCConfigurationList;
			buildConfigurations = (
				8BBF76BA2C6BDAD5005EC2D2 /* Debug */,
				8BBF76BB2C6BDAD5005EC2D2 /* Release */,
			);
			defaultConfigurationIsVisible = 0;
			defaultConfigurationName = Release;
		};
		8BBF76BC2C6BDAD5005EC2D2 /* Build configuration list for PBXNativeTarget "AppBlockerOne" */ = {
			isa = XCConfigurationList;
			buildConfigurations = (
				8BBF76BD2C6BDAD5005EC2D2 /* Debug */,
				8BBF76BE2C6BDAD5005EC2D2 /* Release */,
			);
			defaultConfigurationIsVisible = 0;
			defaultConfigurationName = Release;
		};
/* End XCConfigurationList section */

/* Begin XCVersionGroup section */
		8BBF76B72C6BDAD5005EC2D2 /* AppBlockerOne.xcdatamodeld */ = {
			isa = XCVersionGroup;
			children = (
				8BBF76B82C6BDAD5005EC2D2 /* AppBlockerOne.xcdatamodel */,
			);
			currentVersion = 8BBF76B82C6BDAD5005EC2D2 /* AppBlockerOne.xcdatamodel */;
			path = AppBlockerOne.xcdatamodeld;
			sourceTree = "<group>";
			versionGroupType = wrapper.xcdatamodel;
		};
/* End XCVersionGroup section */
	};
	rootObject = 8BBF76A12C6BDAD2005EC2D2 /* Project object */;
}
